// !$*UTF8*$!
{
	archiveVersion = 1;
	classes = {
	};
	objectVersion = 56;
	objects = {

/* Begin PBXBuildFile section */
		541976392BB6EDEE0040115E /* AppDelegate.swift in Sources */ = {isa = PBXBuildFile; fileRef = 541976382BB6EDEE0040115E /* AppDelegate.swift */; };
		5419763B2BB6EDEE0040115E /* SceneDelegate.swift in Sources */ = {isa = PBXBuildFile; fileRef = 5419763A2BB6EDEE0040115E /* SceneDelegate.swift */; };
		5419763D2BB6EDEE0040115E /* ViewController.swift in Sources */ = {isa = PBXBuildFile; fileRef = 5419763C2BB6EDEE0040115E /* ViewController.swift */; };
		541976402BB6EDEE0040115E /* Base in Resources */ = {isa = PBXBuildFile; fileRef = 5419763F2BB6EDEE0040115E /* Base */; };
		541976422BB6EDEF0040115E /* Assets.xcassets in Resources */ = {isa = PBXBuildFile; fileRef = 541976412BB6EDEF0040115E /* Assets.xcassets */; };
		541976452BB6EDEF0040115E /* Base in Resources */ = {isa = PBXBuildFile; fileRef = 541976442BB6EDEF0040115E /* Base */; };
		541976502BB6EDEF0040115E /* MyTodoListTests.swift in Sources */ = {isa = PBXBuildFile; fileRef = 5419764F2BB6EDEF0040115E /* MyTodoListTests.swift */; };
		5419765A2BB6EDF00040115E /* MyTodoListUITests.swift in Sources */ = {isa = PBXBuildFile; fileRef = 541976592BB6EDF00040115E /* MyTodoListUITests.swift */; };
		5419765C2BB6EDF00040115E /* MyTodoListUITestsLaunchTests.swift in Sources */ = {isa = PBXBuildFile; fileRef = 5419765B2BB6EDF00040115E /* MyTodoListUITestsLaunchTests.swift */; };
		541976692BB6F1240040115E /* MyTodoListViewController.swift in Sources */ = {isa = PBXBuildFile; fileRef = 541976682BB6F1240040115E /* MyTodoListViewController.swift */; };
		5419766B2BB6F7E70040115E /* MyTodoListTableViewCell.swift in Sources */ = {isa = PBXBuildFile; fileRef = 5419766A2BB6F7E70040115E /* MyTodoListTableViewCell.swift */; };
		5419766D2BB6FD990040115E /* MyTodo.swift in Sources */ = {isa = PBXBuildFile; fileRef = 5419766C2BB6FD990040115E /* MyTodo.swift */; };
/* End PBXBuildFile section */

/* Begin PBXContainerItemProxy section */
		5419764C2BB6EDEF0040115E /* PBXContainerItemProxy */ = {
			isa = PBXContainerItemProxy;
			containerPortal = 5419762D2BB6EDEE0040115E /* Project object */;
			proxyType = 1;
			remoteGlobalIDString = 541976342BB6EDEE0040115E;
			remoteInfo = MyTodoList;
		};
		541976562BB6EDF00040115E /* PBXContainerItemProxy */ = {
			isa = PBXContainerItemProxy;
			containerPortal = 5419762D2BB6EDEE0040115E /* Project object */;
			proxyType = 1;
			remoteGlobalIDString = 541976342BB6EDEE0040115E;
			remoteInfo = MyTodoList;
		};
/* End PBXContainerItemProxy section */

/* Begin PBXFileReference section */
		541976352BB6EDEE0040115E /* MyTodoList.app */ = {isa = PBXFileReference; explicitFileType = wrapper.application; includeInIndex = 0; path = MyTodoList.app; sourceTree = BUILT_PRODUCTS_DIR; };
		541976382BB6EDEE0040115E /* AppDelegate.swift */ = {isa = PBXFileReference; lastKnownFileType = sourcecode.swift; path = AppDelegate.swift; sourceTree = "<group>"; };
		5419763A2BB6EDEE0040115E /* SceneDelegate.swift */ = {isa = PBXFileReference; lastKnownFileType = sourcecode.swift; path = SceneDelegate.swift; sourceTree = "<group>"; };
		5419763C2BB6EDEE0040115E /* ViewController.swift */ = {isa = PBXFileReference; lastKnownFileType = sourcecode.swift; path = ViewController.swift; sourceTree = "<group>"; };
		5419763F2BB6EDEE0040115E /* Base */ = {isa = PBXFileReference; lastKnownFileType = file.storyboard; name = Base; path = Base.lproj/Main.storyboard; sourceTree = "<group>"; };
		541976412BB6EDEF0040115E /* Assets.xcassets */ = {isa = PBXFileReference; lastKnownFileType = folder.assetcatalog; path = Assets.xcassets; sourceTree = "<group>"; };
		541976442BB6EDEF0040115E /* Base */ = {isa = PBXFileReference; lastKnownFileType = file.storyboard; name = Base; path = Base.lproj/LaunchScreen.storyboard; sourceTree = "<group>"; };
		541976462BB6EDEF0040115E /* Info.plist */ = {isa = PBXFileReference; lastKnownFileType = text.plist.xml; path = Info.plist; sourceTree = "<group>"; };
		5419764B2BB6EDEF0040115E /* MyTodoListTests.xctest */ = {isa = PBXFileReference; explicitFileType = wrapper.cfbundle; includeInIndex = 0; path = MyTodoListTests.xctest; sourceTree = BUILT_PRODUCTS_DIR; };
		5419764F2BB6EDEF0040115E /* MyTodoListTests.swift */ = {isa = PBXFileReference; lastKnownFileType = sourcecode.swift; path = MyTodoListTests.swift; sourceTree = "<group>"; };
		541976552BB6EDF00040115E /* MyTodoListUITests.xctest */ = {isa = PBXFileReference; explicitFileType = wrapper.cfbundle; includeInIndex = 0; path = MyTodoListUITests.xctest; sourceTree = BUILT_PRODUCTS_DIR; };
		541976592BB6EDF00040115E /* MyTodoListUITests.swift */ = {isa = PBXFileReference; lastKnownFileType = sourcecode.swift; path = MyTodoListUITests.swift; sourceTree = "<group>"; };
		5419765B2BB6EDF00040115E /* MyTodoListUITestsLaunchTests.swift */ = {isa = PBXFileReference; lastKnownFileType = sourcecode.swift; path = MyTodoListUITestsLaunchTests.swift; sourceTree = "<group>"; };
		541976682BB6F1240040115E /* MyTodoListViewController.swift */ = {isa = PBXFileReference; lastKnownFileType = sourcecode.swift; path = MyTodoListViewController.swift; sourceTree = "<group>"; };
		5419766A2BB6F7E70040115E /* MyTodoListTableViewCell.swift */ = {isa = PBXFileReference; lastKnownFileType = sourcecode.swift; path = MyTodoListTableViewCell.swift; sourceTree = "<group>"; };
		5419766C2BB6FD990040115E /* MyTodo.swift */ = {isa = PBXFileReference; lastKnownFileType = sourcecode.swift; path = MyTodo.swift; sourceTree = "<group>"; };
/* End PBXFileReference section */

/* Begin PBXFrameworksBuildPhase section */
		541976322BB6EDEE0040115E /* Frameworks */ = {
			isa = PBXFrameworksBuildPhase;
			buildActionMask = 2147483647;
			files = (
			);
			runOnlyForDeploymentPostprocessing = 0;
		};
		541976482BB6EDEF0040115E /* Frameworks */ = {
			isa = PBXFrameworksBuildPhase;
			buildActionMask = 2147483647;
			files = (
			);
			runOnlyForDeploymentPostprocessing = 0;
		};
		541976522BB6EDF00040115E /* Frameworks */ = {
			isa = PBXFrameworksBuildPhase;
			buildActionMask = 2147483647;
			files = (
			);
			runOnlyForDeploymentPostprocessing = 0;
		};
/* End PBXFrameworksBuildPhase section */

/* Begin PBXGroup section */
		5419762C2BB6EDEE0040115E = {
			isa = PBXGroup;
			children = (
				541976372BB6EDEE0040115E /* MyTodoList */,
				5419764E2BB6EDEF0040115E /* MyTodoListTests */,
				541976582BB6EDF00040115E /* MyTodoListUITests */,
				541976362BB6EDEE0040115E /* Products */,
			);
			sourceTree = "<group>";
		};
		541976362BB6EDEE0040115E /* Products */ = {
			isa = PBXGroup;
			children = (
				541976352BB6EDEE0040115E /* MyTodoList.app */,
				5419764B2BB6EDEF0040115E /* MyTodoListTests.xctest */,
				541976552BB6EDF00040115E /* MyTodoListUITests.xctest */,
			);
			name = Products;
			sourceTree = "<group>";
		};
		541976372BB6EDEE0040115E /* MyTodoList */ = {
			isa = PBXGroup;
			children = (
				541976382BB6EDEE0040115E /* AppDelegate.swift */,
				5419763A2BB6EDEE0040115E /* SceneDelegate.swift */,
				5419763C2BB6EDEE0040115E /* ViewController.swift */,
				5419763E2BB6EDEE0040115E /* Main.storyboard */,
				541976412BB6EDEF0040115E /* Assets.xcassets */,
				541976432BB6EDEF0040115E /* LaunchScreen.storyboard */,
				541976462BB6EDEF0040115E /* Info.plist */,
				541976682BB6F1240040115E /* MyTodoListViewController.swift */,
				5419766A2BB6F7E70040115E /* MyTodoListTableViewCell.swift */,
				5419766C2BB6FD990040115E /* MyTodo.swift */,
			);
			path = MyTodoList;
			sourceTree = "<group>";
		};
		5419764E2BB6EDEF0040115E /* MyTodoListTests */ = {
			isa = PBXGroup;
			children = (
				5419764F2BB6EDEF0040115E /* MyTodoListTests.swift */,
			);
			path = MyTodoListTests;
			sourceTree = "<group>";
		};
		541976582BB6EDF00040115E /* MyTodoListUITests */ = {
			isa = PBXGroup;
			children = (
				541976592BB6EDF00040115E /* MyTodoListUITests.swift */,
				5419765B2BB6EDF00040115E /* MyTodoListUITestsLaunchTests.swift */,
			);
			path = MyTodoListUITests;
			sourceTree = "<group>";
		};
/* End PBXGroup section */

/* Begin PBXNativeTarget section */
		541976342BB6EDEE0040115E /* MyTodoList */ = {
			isa = PBXNativeTarget;
			buildConfigurationList = 5419765F2BB6EDF00040115E /* Build configuration list for PBXNativeTarget "MyTodoList" */;
			buildPhases = (
				541976312BB6EDEE0040115E /* Sources */,
				541976322BB6EDEE0040115E /* Frameworks */,
				541976332BB6EDEE0040115E /* Resources */,
			);
			buildRules = (
			);
			dependencies = (
			);
			name = MyTodoList;
			productName = MyTodoList;
			productReference = 541976352BB6EDEE0040115E /* MyTodoList.app */;
			productType = "com.apple.product-type.application";
		};
		5419764A2BB6EDEF0040115E /* MyTodoListTests */ = {
			isa = PBXNativeTarget;
			buildConfigurationList = 541976622BB6EDF00040115E /* Build configuration list for PBXNativeTarget "MyTodoListTests" */;
			buildPhases = (
				541976472BB6EDEF0040115E /* Sources */,
				541976482BB6EDEF0040115E /* Frameworks */,
				541976492BB6EDEF0040115E /* Resources */,
			);
			buildRules = (
			);
			dependencies = (
				5419764D2BB6EDEF0040115E /* PBXTargetDependency */,
			);
			name = MyTodoListTests;
			productName = MyTodoListTests;
			productReference = 5419764B2BB6EDEF0040115E /* MyTodoListTests.xctest */;
			productType = "com.apple.product-type.bundle.unit-test";
		};
		541976542BB6EDF00040115E /* MyTodoListUITests */ = {
			isa = PBXNativeTarget;
			buildConfigurationList = 541976652BB6EDF00040115E /* Build configuration list for PBXNativeTarget "MyTodoListUITests" */;
			buildPhases = (
				541976512BB6EDF00040115E /* Sources */,
				541976522BB6EDF00040115E /* Frameworks */,
				541976532BB6EDF00040115E /* Resources */,
			);
			buildRules = (
			);
			dependencies = (
				541976572BB6EDF00040115E /* PBXTargetDependency */,
			);
			name = MyTodoListUITests;
			productName = MyTodoListUITests;
			productReference = 541976552BB6EDF00040115E /* MyTodoListUITests.xctest */;
			productType = "com.apple.product-type.bundle.ui-testing";
		};
/* End PBXNativeTarget section */

/* Begin PBXProject section */
		5419762D2BB6EDEE0040115E /* Project object */ = {
			isa = PBXProject;
			attributes = {
				BuildIndependentTargetsInParallel = 1;
				LastSwiftUpdateCheck = 1530;
				LastUpgradeCheck = 1530;
				TargetAttributes = {
					541976342BB6EDEE0040115E = {
						CreatedOnToolsVersion = 15.3;
					};
					5419764A2BB6EDEF0040115E = {
						CreatedOnToolsVersion = 15.3;
						TestTargetID = 541976342BB6EDEE0040115E;
					};
					541976542BB6EDF00040115E = {
						CreatedOnToolsVersion = 15.3;
						TestTargetID = 541976342BB6EDEE0040115E;
					};
				};
			};
			buildConfigurationList = 541976302BB6EDEE0040115E /* Build configuration list for PBXProject "MyTodoList" */;
			compatibilityVersion = "Xcode 14.0";
			developmentRegion = en;
			hasScannedForEncodings = 0;
			knownRegions = (
				en,
				Base,
			);
			mainGroup = 5419762C2BB6EDEE0040115E;
			productRefGroup = 541976362BB6EDEE0040115E /* Products */;
			projectDirPath = "";
			projectRoot = "";
			targets = (
				541976342BB6EDEE0040115E /* MyTodoList */,
				5419764A2BB6EDEF0040115E /* MyTodoListTests */,
				541976542BB6EDF00040115E /* MyTodoListUITests */,
			);
		};
/* End PBXProject section */

/* Begin PBXResourcesBuildPhase section */
		541976332BB6EDEE0040115E /* Resources */ = {
			isa = PBXResourcesBuildPhase;
			buildActionMask = 2147483647;
			files = (
				541976422BB6EDEF0040115E /* Assets.xcassets in Resources */,
				541976452BB6EDEF0040115E /* Base in Resources */,
				541976402BB6EDEE0040115E /* Base in Resources */,
			);
			runOnlyForDeploymentPostprocessing = 0;
		};
		541976492BB6EDEF0040115E /* Resources */ = {
			isa = PBXResourcesBuildPhase;
			buildActionMask = 2147483647;
			files = (
			);
			runOnlyForDeploymentPostprocessing = 0;
		};
		541976532BB6EDF00040115E /* Resources */ = {
			isa = PBXResourcesBuildPhase;
			buildActionMask = 2147483647;
			files = (
			);
			runOnlyForDeploymentPostprocessing = 0;
		};
/* End PBXResourcesBuildPhase section */

/* Begin PBXSourcesBuildPhase section */
		541976312BB6EDEE0040115E /* Sources */ = {
			isa = PBXSourcesBuildPhase;
			buildActionMask = 2147483647;
			files = (
				541976692BB6F1240040115E /* MyTodoListViewController.swift in Sources */,
				5419766D2BB6FD990040115E /* MyTodo.swift in Sources */,
				5419763D2BB6EDEE0040115E /* ViewController.swift in Sources */,
				5419766B2BB6F7E70040115E /* MyTodoListTableViewCell.swift in Sources */,
				541976392BB6EDEE0040115E /* AppDelegate.swift in Sources */,
				5419763B2BB6EDEE0040115E /* SceneDelegate.swift in Sources */,
			);
			runOnlyForDeploymentPostprocessing = 0;
		};
		541976472BB6EDEF0040115E /* Sources */ = {
			isa = PBXSourcesBuildPhase;
			buildActionMask = 2147483647;
			files = (
				541976502BB6EDEF0040115E /* MyTodoListTests.swift in Sources */,
			);
			runOnlyForDeploymentPostprocessing = 0;
		};
		541976512BB6EDF00040115E /* Sources */ = {
			isa = PBXSourcesBuildPhase;
			buildActionMask = 2147483647;
			files = (
				5419765C2BB6EDF00040115E /* MyTodoListUITestsLaunchTests.swift in Sources */,
				5419765A2BB6EDF00040115E /* MyTodoListUITests.swift in Sources */,
			);
			runOnlyForDeploymentPostprocessing = 0;
		};
/* End PBXSourcesBuildPhase section */

/* Begin PBXTargetDependency section */
		5419764D2BB6EDEF0040115E /* PBXTargetDependency */ = {
			isa = PBXTargetDependency;
			target = 541976342BB6EDEE0040115E /* MyTodoList */;
			targetProxy = 5419764C2BB6EDEF0040115E /* PBXContainerItemProxy */;
		};
		541976572BB6EDF00040115E /* PBXTargetDependency */ = {
			isa = PBXTargetDependency;
			target = 541976342BB6EDEE0040115E /* MyTodoList */;
			targetProxy = 541976562BB6EDF00040115E /* PBXContainerItemProxy */;
		};
/* End PBXTargetDependency section */

/* Begin PBXVariantGroup section */
		5419763E2BB6EDEE0040115E /* Main.storyboard */ = {
			isa = PBXVariantGroup;
			children = (
				5419763F2BB6EDEE0040115E /* Base */,
			);
			name = Main.storyboard;
			sourceTree = "<group>";
		};
		541976432BB6EDEF0040115E /* LaunchScreen.storyboard */ = {
			isa = PBXVariantGroup;
			children = (
				541976442BB6EDEF0040115E /* Base */,
			);
			name = LaunchScreen.storyboard;
			sourceTree = "<group>";
		};
/* End PBXVariantGroup section */

/* Begin XCBuildConfiguration section */
		5419765D2BB6EDF00040115E /* Debug */ = {
			isa = XCBuildConfiguration;
			buildSettings = {
				ALWAYS_SEARCH_USER_PATHS = NO;
				ASSETCATALOG_COMPILER_GENERATE_SWIFT_ASSET_SYMBOL_EXTENSIONS = YES;
				CLANG_ANALYZER_NONNULL = YES;
				CLANG_ANALYZER_NUMBER_OBJECT_CONVERSION = YES_AGGRESSIVE;
				CLANG_CXX_LANGUAGE_STANDARD = "gnu++20";
				CLANG_ENABLE_MODULES = YES;
				CLANG_ENABLE_OBJC_ARC = YES;
				CLANG_ENABLE_OBJC_WEAK = YES;
				CLANG_WARN_BLOCK_CAPTURE_AUTORELEASING = YES;
				CLANG_WARN_BOOL_CONVERSION = YES;
				CLANG_WARN_COMMA = YES;
				CLANG_WARN_CONSTANT_CONVERSION = YES;
				CLANG_WARN_DEPRECATED_OBJC_IMPLEMENTATIONS = YES;
				CLANG_WARN_DIRECT_OBJC_ISA_USAGE = YES_ERROR;
				CLANG_WARN_DOCUMENTATION_COMMENTS = YES;
				CLANG_WARN_EMPTY_BODY = YES;
				CLANG_WARN_ENUM_CONVERSION = YES;
				CLANG_WARN_INFINITE_RECURSION = YES;
				CLANG_WARN_INT_CONVERSION = YES;
				CLANG_WARN_NON_LITERAL_NULL_CONVERSION = YES;
				CLANG_WARN_OBJC_IMPLICIT_RETAIN_SELF = YES;
				CLANG_WARN_OBJC_LITERAL_CONVERSION = YES;
				CLANG_WARN_OBJC_ROOT_CLASS = YES_ERROR;
				CLANG_WARN_QUOTED_INCLUDE_IN_FRAMEWORK_HEADER = YES;
				CLANG_WARN_RANGE_LOOP_ANALYSIS = YES;
				CLANG_WARN_STRICT_PROTOTYPES = YES;
				CLANG_WARN_SUSPICIOUS_MOVE = YES;
				CLANG_WARN_UNGUARDED_AVAILABILITY = YES_AGGRESSIVE;
				CLANG_WARN_UNREACHABLE_CODE = YES;
				CLANG_WARN__DUPLICATE_METHOD_MATCH = YES;
				COPY_PHASE_STRIP = NO;
				DEBUG_INFORMATION_FORMAT = dwarf;
				ENABLE_STRICT_OBJC_MSGSEND = YES;
				ENABLE_TESTABILITY = YES;
				ENABLE_USER_SCRIPT_SANDBOXING = YES;
				GCC_C_LANGUAGE_STANDARD = gnu17;
				GCC_DYNAMIC_NO_PIC = NO;
				GCC_NO_COMMON_BLOCKS = YES;
				GCC_OPTIMIZATION_LEVEL = 0;
				GCC_PREPROCESSOR_DEFINITIONS = (
					"DEBUG=1",
					"$(inherited)",
				);
				GCC_WARN_64_TO_32_BIT_CONVERSION = YES;
				GCC_WARN_ABOUT_RETURN_TYPE = YES_ERROR;
				GCC_WARN_UNDECLARED_SELECTOR = YES;
				GCC_WARN_UNINITIALIZED_AUTOS = YES_AGGRESSIVE;
				GCC_WARN_UNUSED_FUNCTION = YES;
				GCC_WARN_UNUSED_VARIABLE = YES;
				IPHONEOS_DEPLOYMENT_TARGET = 17.4;
				LOCALIZATION_PREFERS_STRING_CATALOGS = YES;
				MTL_ENABLE_DEBUG_INFO = INCLUDE_SOURCE;
				MTL_FAST_MATH = YES;
				ONLY_ACTIVE_ARCH = YES;
				SDKROOT = iphoneos;
				SWIFT_ACTIVE_COMPILATION_CONDITIONS = "DEBUG $(inherited)";
				SWIFT_OPTIMIZATION_LEVEL = "-Onone";
			};
			name = Debug;
		};
		5419765E2BB6EDF00040115E /* Release */ = {
			isa = XCBuildConfiguration;
			buildSettings = {
				ALWAYS_SEARCH_USER_PATHS = NO;
				ASSETCATALOG_COMPILER_GENERATE_SWIFT_ASSET_SYMBOL_EXTENSIONS = YES;
				CLANG_ANALYZER_NONNULL = YES;
				CLANG_ANALYZER_NUMBER_OBJECT_CONVERSION = YES_AGGRESSIVE;
				CLANG_CXX_LANGUAGE_STANDARD = "gnu++20";
				CLANG_ENABLE_MODULES = YES;
				CLANG_ENABLE_OBJC_ARC = YES;
				CLANG_ENABLE_OBJC_WEAK = YES;
				CLANG_WARN_BLOCK_CAPTURE_AUTORELEASING = YES;
				CLANG_WARN_BOOL_CONVERSION = YES;
				CLANG_WARN_COMMA = YES;
				CLANG_WARN_CONSTANT_CONVERSION = YES;
				CLANG_WARN_DEPRECATED_OBJC_IMPLEMENTATIONS = YES;
				CLANG_WARN_DIRECT_OBJC_ISA_USAGE = YES_ERROR;
				CLANG_WARN_DOCUMENTATION_COMMENTS = YES;
				CLANG_WARN_EMPTY_BODY = YES;
				CLANG_WARN_ENUM_CONVERSION = YES;
				CLANG_WARN_INFINITE_RECURSION = YES;
				CLANG_WARN_INT_CONVERSION = YES;
				CLANG_WARN_NON_LITERAL_NULL_CONVERSION = YES;
				CLANG_WARN_OBJC_IMPLICIT_RETAIN_SELF = YES;
				CLANG_WARN_OBJC_LITERAL_CONVERSION = YES;
				CLANG_WARN_OBJC_ROOT_CLASS = YES_ERROR;
				CLANG_WARN_QUOTED_INCLUDE_IN_FRAMEWORK_HEADER = YES;
				CLANG_WARN_RANGE_LOOP_ANALYSIS = YES;
				CLANG_WARN_STRICT_PROTOTYPES = YES;
				CLANG_WARN_SUSPICIOUS_MOVE = YES;
				CLANG_WARN_UNGUARDED_AVAILABILITY = YES_AGGRESSIVE;
				CLANG_WARN_UNREACHABLE_CODE = YES;
				CLANG_WARN__DUPLICATE_METHOD_MATCH = YES;
				COPY_PHASE_STRIP = NO;
				DEBUG_INFORMATION_FORMAT = "dwarf-with-dsym";
				ENABLE_NS_ASSERTIONS = NO;
				ENABLE_STRICT_OBJC_MSGSEND = YES;
				ENABLE_USER_SCRIPT_SANDBOXING = YES;
				GCC_C_LANGUAGE_STANDARD = gnu17;
				GCC_NO_COMMON_BLOCKS = YES;
				GCC_WARN_64_TO_32_BIT_CONVERSION = YES;
				GCC_WARN_ABOUT_RETURN_TYPE = YES_ERROR;
				GCC_WARN_UNDECLARED_SELECTOR = YES;
				GCC_WARN_UNINITIALIZED_AUTOS = YES_AGGRESSIVE;
				GCC_WARN_UNUSED_FUNCTION = YES;
				GCC_WARN_UNUSED_VARIABLE = YES;
				IPHONEOS_DEPLOYMENT_TARGET = 17.4;
				LOCALIZATION_PREFERS_STRING_CATALOGS = YES;
				MTL_ENABLE_DEBUG_INFO = NO;
				MTL_FAST_MATH = YES;
				SDKROOT = iphoneos;
				SWIFT_COMPILATION_MODE = wholemodule;
				VALIDATE_PRODUCT = YES;
			};
			name = Release;
		};
		541976602BB6EDF00040115E /* Debug */ = {
			isa = XCBuildConfiguration;
			buildSettings = {
				ASSETCATALOG_COMPILER_APPICON_NAME = AppIcon;
				ASSETCATALOG_COMPILER_GLOBAL_ACCENT_COLOR_NAME = AccentColor;
				CODE_SIGN_STYLE = Automatic;
				CURRENT_PROJECT_VERSION = 1;
				GENERATE_INFOPLIST_FILE = YES;
				INFOPLIST_FILE = MyTodoList/Info.plist;
				INFOPLIST_KEY_UIApplicationSupportsIndirectInputEvents = YES;
				INFOPLIST_KEY_UILaunchStoryboardName = LaunchScreen;
				INFOPLIST_KEY_UIMainStoryboardFile = Main;
				INFOPLIST_KEY_UISupportedInterfaceOrientations_iPad = "UIInterfaceOrientationPortrait UIInterfaceOrientationPortraitUpsideDown UIInterfaceOrientationLandscapeLeft UIInterfaceOrientationLandscapeRight";
				INFOPLIST_KEY_UISupportedInterfaceOrientations_iPhone = "UIInterfaceOrientationPortrait UIInterfaceOrientationLandscapeLeft UIInterfaceOrientationLandscapeRight";
				LD_RUNPATH_SEARCH_PATHS = (
					"$(inherited)",
					"@executable_path/Frameworks",
				);
				MARKETING_VERSION = 1.0;
				PRODUCT_BUNDLE_IDENTIFIER = Junyoung.MyTodoList;
				PRODUCT_NAME = "$(TARGET_NAME)";
				SWIFT_EMIT_LOC_STRINGS = YES;
				SWIFT_VERSION = 5.0;
				TARGETED_DEVICE_FAMILY = "1,2";
			};
			name = Debug;
		};
		541976612BB6EDF00040115E /* Release */ = {
			isa = XCBuildConfiguration;
			buildSettings = {
				ASSETCATALOG_COMPILER_APPICON_NAME = AppIcon;
				ASSETCATALOG_COMPILER_GLOBAL_ACCENT_COLOR_NAME = AccentColor;
				CODE_SIGN_STYLE = Automatic;
				CURRENT_PROJECT_VERSION = 1;
				GENERATE_INFOPLIST_FILE = YES;
				INFOPLIST_FILE = MyTodoList/Info.plist;
				INFOPLIST_KEY_UIApplicationSupportsIndirectInputEvents = YES;
				INFOPLIST_KEY_UILaunchStoryboardName = LaunchScreen;
				INFOPLIST_KEY_UIMainStoryboardFile = Main;
				INFOPLIST_KEY_UISupportedInterfaceOrientations_iPad = "UIInterfaceOrientationPortrait UIInterfaceOrientationPortraitUpsideDown UIInterfaceOrientationLandscapeLeft UIInterfaceOrientationLandscapeRight";
				INFOPLIST_KEY_UISupportedInterfaceOrientations_iPhone = "UIInterfaceOrientationPortrait UIInterfaceOrientationLandscapeLeft UIInterfaceOrientationLandscapeRight";
				LD_RUNPATH_SEARCH_PATHS = (
					"$(inherited)",
					"@executable_path/Frameworks",
				);
				MARKETING_VERSION = 1.0;
				PRODUCT_BUNDLE_IDENTIFIER = Junyoung.MyTodoList;
				PRODUCT_NAME = "$(TARGET_NAME)";
				SWIFT_EMIT_LOC_STRINGS = YES;
				SWIFT_VERSION = 5.0;
				TARGETED_DEVICE_FAMILY = "1,2";
			};
			name = Release;
		};
		541976632BB6EDF00040115E /* Debug */ = {
			isa = XCBuildConfiguration;
			buildSettings = {
				ALWAYS_EMBED_SWIFT_STANDARD_LIBRARIES = YES;
				BUNDLE_LOADER = "$(TEST_HOST)";
				CODE_SIGN_STYLE = Automatic;
				CURRENT_PROJECT_VERSION = 1;
				GENERATE_INFOPLIST_FILE = YES;
				IPHONEOS_DEPLOYMENT_TARGET = 17.4;
				MARKETING_VERSION = 1.0;
				PRODUCT_BUNDLE_IDENTIFIER = Junyoung.MyTodoListTests;
				PRODUCT_NAME = "$(TARGET_NAME)";
				SWIFT_EMIT_LOC_STRINGS = NO;
				SWIFT_VERSION = 5.0;
				TARGETED_DEVICE_FAMILY = "1,2";
				TEST_HOST = "$(BUILT_PRODUCTS_DIR)/MyTodoList.app/$(BUNDLE_EXECUTABLE_FOLDER_PATH)/MyTodoList";
			};
			name = Debug;
		};
		541976642BB6EDF00040115E /* Release */ = {
			isa = XCBuildConfiguration;
			buildSettings = {
				ALWAYS_EMBED_SWIFT_STANDARD_LIBRARIES = YES;
				BUNDLE_LOADER = "$(TEST_HOST)";
				CODE_SIGN_STYLE = Automatic;
				CURRENT_PROJECT_VERSION = 1;
				GENERATE_INFOPLIST_FILE = YES;
				IPHONEOS_DEPLOYMENT_TARGET = 17.4;
				MARKETING_VERSION = 1.0;
				PRODUCT_BUNDLE_IDENTIFIER = Junyoung.MyTodoListTests;
				PRODUCT_NAME = "$(TARGET_NAME)";
				SWIFT_EMIT_LOC_STRINGS = NO;
				SWIFT_VERSION = 5.0;
				TARGETED_DEVICE_FAMILY = "1,2";
				TEST_HOST = "$(BUILT_PRODUCTS_DIR)/MyTodoList.app/$(BUNDLE_EXECUTABLE_FOLDER_PATH)/MyTodoList";
			};
			name = Release;
		};
		541976662BB6EDF00040115E /* Debug */ = {
			isa = XCBuildConfiguration;
			buildSettings = {
				ALWAYS_EMBED_SWIFT_STANDARD_LIBRARIES = YES;
				CODE_SIGN_STYLE = Automatic;
				CURRENT_PROJECT_VERSION = 1;
				GENERATE_INFOPLIST_FILE = YES;
				MARKETING_VERSION = 1.0;
				PRODUCT_BUNDLE_IDENTIFIER = Junyoung.MyTodoListUITests;
				PRODUCT_NAME = "$(TARGET_NAME)";
				SWIFT_EMIT_LOC_STRINGS = NO;
				SWIFT_VERSION = 5.0;
				TARGETED_DEVICE_FAMILY = "1,2";
				TEST_TARGET_NAME = MyTodoList;
			};
			name = Debug;
		};
		541976672BB6EDF00040115E /* Release */ = {
			isa = XCBuildConfiguration;
			buildSettings = {
				ALWAYS_EMBED_SWIFT_STANDARD_LIBRARIES = YES;
				CODE_SIGN_STYLE = Automatic;
				CURRENT_PROJECT_VERSION = 1;
				GENERATE_INFOPLIST_FILE = YES;
				MARKETING_VERSION = 1.0;
				PRODUCT_BUNDLE_IDENTIFIER = Junyoung.MyTodoListUITests;
				PRODUCT_NAME = "$(TARGET_NAME)";
				SWIFT_EMIT_LOC_STRINGS = NO;
				SWIFT_VERSION = 5.0;
				TARGETED_DEVICE_FAMILY = "1,2";
				TEST_TARGET_NAME = MyTodoList;
			};
			name = Release;
		};
/* End XCBuildConfiguration section */

/* Begin XCConfigurationList section */
		541976302BB6EDEE0040115E /* Build configuration list for PBXProject "MyTodoList" */ = {
			isa = XCConfigurationList;
			buildConfigurations = (
				5419765D2BB6EDF00040115E /* Debug */,
				5419765E2BB6EDF00040115E /* Release */,
			);
			defaultConfigurationIsVisible = 0;
			defaultConfigurationName = Release;
		};
		5419765F2BB6EDF00040115E /* Build configuration list for PBXNativeTarget "MyTodoList" */ = {
			isa = XCConfigurationList;
			buildConfigurations = (
				541976602BB6EDF00040115E /* Debug */,
				541976612BB6EDF00040115E /* Release */,
			);
			defaultConfigurationIsVisible = 0;
			defaultConfigurationName = Release;
		};
		541976622BB6EDF00040115E /* Build configuration list for PBXNativeTarget "MyTodoListTests" */ = {
			isa = XCConfigurationList;
			buildConfigurations = (
				541976632BB6EDF00040115E /* Debug */,
				541976642BB6EDF00040115E /* Release */,
			);
			defaultConfigurationIsVisible = 0;
			defaultConfigurationName = Release;
		};
		541976652BB6EDF00040115E /* Build configuration list for PBXNativeTarget "MyTodoListUITests" */ = {
			isa = XCConfigurationList;
			buildConfigurations = (
				541976662BB6EDF00040115E /* Debug */,
				541976672BB6EDF00040115E /* Release */,
			);
			defaultConfigurationIsVisible = 0;
			defaultConfigurationName = Release;
		};
/* End XCConfigurationList section */
	};
	rootObject = 5419762D2BB6EDEE0040115E /* Project object */;
}
