// !$*UTF8*$!
{
	archiveVersion = 1;
	classes = {
	};
	objectVersion = 56;
	objects = {

/* Begin PBXBuildFile section */
		543ADD3F2BC55B5C00C88F53 /* AppDelegate.swift in Sources */ = {isa = PBXBuildFile; fileRef = 543ADD3E2BC55B5C00C88F53 /* AppDelegate.swift */; };
		543ADD412BC55B5C00C88F53 /* SceneDelegate.swift in Sources */ = {isa = PBXBuildFile; fileRef = 543ADD402BC55B5C00C88F53 /* SceneDelegate.swift */; };
		543ADD432BC55B5C00C88F53 /* MyCountViewController.swift in Sources */ = {isa = PBXBuildFile; fileRef = 543ADD422BC55B5C00C88F53 /* MyCountViewController.swift */; };
		543ADD462BC55B5C00C88F53 /* Base in Resources */ = {isa = PBXBuildFile; fileRef = 543ADD452BC55B5C00C88F53 /* Base */; };
		543ADD482BC55B5D00C88F53 /* Assets.xcassets in Resources */ = {isa = PBXBuildFile; fileRef = 543ADD472BC55B5D00C88F53 /* Assets.xcassets */; };
		543ADD4B2BC55B5D00C88F53 /* Base in Resources */ = {isa = PBXBuildFile; fileRef = 543ADD4A2BC55B5D00C88F53 /* Base */; };
		543ADD562BC55B5D00C88F53 /* StayJunCounterAppTests.swift in Sources */ = {isa = PBXBuildFile; fileRef = 543ADD552BC55B5D00C88F53 /* StayJunCounterAppTests.swift */; };
		543ADD602BC55B5D00C88F53 /* StayJunCounterAppUITests.swift in Sources */ = {isa = PBXBuildFile; fileRef = 543ADD5F2BC55B5D00C88F53 /* StayJunCounterAppUITests.swift */; };
		543ADD622BC55B5D00C88F53 /* StayJunCounterAppUITestsLaunchTests.swift in Sources */ = {isa = PBXBuildFile; fileRef = 543ADD612BC55B5D00C88F53 /* StayJunCounterAppUITestsLaunchTests.swift */; };
/* End PBXBuildFile section */

/* Begin PBXContainerItemProxy section */
		543ADD522BC55B5D00C88F53 /* PBXContainerItemProxy */ = {
			isa = PBXContainerItemProxy;
			containerPortal = 543ADD332BC55B5C00C88F53 /* Project object */;
			proxyType = 1;
			remoteGlobalIDString = 543ADD3A2BC55B5C00C88F53;
			remoteInfo = StayJunCounterApp;
		};
		543ADD5C2BC55B5D00C88F53 /* PBXContainerItemProxy */ = {
			isa = PBXContainerItemProxy;
			containerPortal = 543ADD332BC55B5C00C88F53 /* Project object */;
			proxyType = 1;
			remoteGlobalIDString = 543ADD3A2BC55B5C00C88F53;
			remoteInfo = StayJunCounterApp;
		};
/* End PBXContainerItemProxy section */

/* Begin PBXFileReference section */
		543ADD3B2BC55B5C00C88F53 /* StayJunCounterApp.app */ = {isa = PBXFileReference; explicitFileType = wrapper.application; includeInIndex = 0; path = StayJunCounterApp.app; sourceTree = BUILT_PRODUCTS_DIR; };
		543ADD3E2BC55B5C00C88F53 /* AppDelegate.swift */ = {isa = PBXFileReference; lastKnownFileType = sourcecode.swift; path = AppDelegate.swift; sourceTree = "<group>"; };
		543ADD402BC55B5C00C88F53 /* SceneDelegate.swift */ = {isa = PBXFileReference; lastKnownFileType = sourcecode.swift; path = SceneDelegate.swift; sourceTree = "<group>"; };
		543ADD422BC55B5C00C88F53 /* MyCountViewController.swift */ = {isa = PBXFileReference; lastKnownFileType = sourcecode.swift; path = MyCountViewController.swift; sourceTree = "<group>"; };
		543ADD452BC55B5C00C88F53 /* Base */ = {isa = PBXFileReference; lastKnownFileType = file.storyboard; name = Base; path = Base.lproj/Main.storyboard; sourceTree = "<group>"; };
		543ADD472BC55B5D00C88F53 /* Assets.xcassets */ = {isa = PBXFileReference; lastKnownFileType = folder.assetcatalog; path = Assets.xcassets; sourceTree = "<group>"; };
		543ADD4A2BC55B5D00C88F53 /* Base */ = {isa = PBXFileReference; lastKnownFileType = file.storyboard; name = Base; path = Base.lproj/LaunchScreen.storyboard; sourceTree = "<group>"; };
		543ADD4C2BC55B5D00C88F53 /* Info.plist */ = {isa = PBXFileReference; lastKnownFileType = text.plist.xml; path = Info.plist; sourceTree = "<group>"; };
		543ADD512BC55B5D00C88F53 /* StayJunCounterAppTests.xctest */ = {isa = PBXFileReference; explicitFileType = wrapper.cfbundle; includeInIndex = 0; path = StayJunCounterAppTests.xctest; sourceTree = BUILT_PRODUCTS_DIR; };
		543ADD552BC55B5D00C88F53 /* StayJunCounterAppTests.swift */ = {isa = PBXFileReference; lastKnownFileType = sourcecode.swift; path = StayJunCounterAppTests.swift; sourceTree = "<group>"; };
		543ADD5B2BC55B5D00C88F53 /* StayJunCounterAppUITests.xctest */ = {isa = PBXFileReference; explicitFileType = wrapper.cfbundle; includeInIndex = 0; path = StayJunCounterAppUITests.xctest; sourceTree = BUILT_PRODUCTS_DIR; };
		543ADD5F2BC55B5D00C88F53 /* StayJunCounterAppUITests.swift */ = {isa = PBXFileReference; lastKnownFileType = sourcecode.swift; path = StayJunCounterAppUITests.swift; sourceTree = "<group>"; };
		543ADD612BC55B5D00C88F53 /* StayJunCounterAppUITestsLaunchTests.swift */ = {isa = PBXFileReference; lastKnownFileType = sourcecode.swift; path = StayJunCounterAppUITestsLaunchTests.swift; sourceTree = "<group>"; };
/* End PBXFileReference section */

/* Begin PBXFrameworksBuildPhase section */
		543ADD382BC55B5C00C88F53 /* Frameworks */ = {
			isa = PBXFrameworksBuildPhase;
			buildActionMask = 2147483647;
			files = (
			);
			runOnlyForDeploymentPostprocessing = 0;
		};
		543ADD4E2BC55B5D00C88F53 /* Frameworks */ = {
			isa = PBXFrameworksBuildPhase;
			buildActionMask = 2147483647;
			files = (
			);
			runOnlyForDeploymentPostprocessing = 0;
		};
		543ADD582BC55B5D00C88F53 /* Frameworks */ = {
			isa = PBXFrameworksBuildPhase;
			buildActionMask = 2147483647;
			files = (
			);
			runOnlyForDeploymentPostprocessing = 0;
		};
/* End PBXFrameworksBuildPhase section */

/* Begin PBXGroup section */
		543ADD322BC55B5C00C88F53 = {
			isa = PBXGroup;
			children = (
				543ADD3D2BC55B5C00C88F53 /* StayJunCounterApp */,
				543ADD542BC55B5D00C88F53 /* StayJunCounterAppTests */,
				543ADD5E2BC55B5D00C88F53 /* StayJunCounterAppUITests */,
				543ADD3C2BC55B5C00C88F53 /* Products */,
			);
			sourceTree = "<group>";
		};
		543ADD3C2BC55B5C00C88F53 /* Products */ = {
			isa = PBXGroup;
			children = (
				543ADD3B2BC55B5C00C88F53 /* StayJunCounterApp.app */,
				543ADD512BC55B5D00C88F53 /* StayJunCounterAppTests.xctest */,
				543ADD5B2BC55B5D00C88F53 /* StayJunCounterAppUITests.xctest */,
			);
			name = Products;
			sourceTree = "<group>";
		};
		543ADD3D2BC55B5C00C88F53 /* StayJunCounterApp */ = {
			isa = PBXGroup;
			children = (
				543ADD3E2BC55B5C00C88F53 /* AppDelegate.swift */,
				543ADD402BC55B5C00C88F53 /* SceneDelegate.swift */,
				543ADD422BC55B5C00C88F53 /* MyCountViewController.swift */,
				543ADD442BC55B5C00C88F53 /* Main.storyboard */,
				543ADD472BC55B5D00C88F53 /* Assets.xcassets */,
				543ADD492BC55B5D00C88F53 /* LaunchScreen.storyboard */,
				543ADD4C2BC55B5D00C88F53 /* Info.plist */,
			);
			path = StayJunCounterApp;
			sourceTree = "<group>";
		};
		543ADD542BC55B5D00C88F53 /* StayJunCounterAppTests */ = {
			isa = PBXGroup;
			children = (
				543ADD552BC55B5D00C88F53 /* StayJunCounterAppTests.swift */,
			);
			path = StayJunCounterAppTests;
			sourceTree = "<group>";
		};
		543ADD5E2BC55B5D00C88F53 /* StayJunCounterAppUITests */ = {
			isa = PBXGroup;
			children = (
				543ADD5F2BC55B5D00C88F53 /* StayJunCounterAppUITests.swift */,
				543ADD612BC55B5D00C88F53 /* StayJunCounterAppUITestsLaunchTests.swift */,
			);
			path = StayJunCounterAppUITests;
			sourceTree = "<group>";
		};
/* End PBXGroup section */

/* Begin PBXNativeTarget section */
		543ADD3A2BC55B5C00C88F53 /* StayJunCounterApp */ = {
			isa = PBXNativeTarget;
			buildConfigurationList = 543ADD652BC55B5D00C88F53 /* Build configuration list for PBXNativeTarget "StayJunCounterApp" */;
			buildPhases = (
				543ADD372BC55B5C00C88F53 /* Sources */,
				543ADD382BC55B5C00C88F53 /* Frameworks */,
				543ADD392BC55B5C00C88F53 /* Resources */,
			);
			buildRules = (
			);
			dependencies = (
			);
			name = StayJunCounterApp;
			productName = StayJunCounterApp;
			productReference = 543ADD3B2BC55B5C00C88F53 /* StayJunCounterApp.app */;
			productType = "com.apple.product-type.application";
		};
		543ADD502BC55B5D00C88F53 /* StayJunCounterAppTests */ = {
			isa = PBXNativeTarget;
			buildConfigurationList = 543ADD682BC55B5D00C88F53 /* Build configuration list for PBXNativeTarget "StayJunCounterAppTests" */;
			buildPhases = (
				543ADD4D2BC55B5D00C88F53 /* Sources */,
				543ADD4E2BC55B5D00C88F53 /* Frameworks */,
				543ADD4F2BC55B5D00C88F53 /* Resources */,
			);
			buildRules = (
			);
			dependencies = (
				543ADD532BC55B5D00C88F53 /* PBXTargetDependency */,
			);
			name = StayJunCounterAppTests;
			productName = StayJunCounterAppTests;
			productReference = 543ADD512BC55B5D00C88F53 /* StayJunCounterAppTests.xctest */;
			productType = "com.apple.product-type.bundle.unit-test";
		};
		543ADD5A2BC55B5D00C88F53 /* StayJunCounterAppUITests */ = {
			isa = PBXNativeTarget;
			buildConfigurationList = 543ADD6B2BC55B5D00C88F53 /* Build configuration list for PBXNativeTarget "StayJunCounterAppUITests" */;
			buildPhases = (
				543ADD572BC55B5D00C88F53 /* Sources */,
				543ADD582BC55B5D00C88F53 /* Frameworks */,
				543ADD592BC55B5D00C88F53 /* Resources */,
			);
			buildRules = (
			);
			dependencies = (
				543ADD5D2BC55B5D00C88F53 /* PBXTargetDependency */,
			);
			name = StayJunCounterAppUITests;
			productName = StayJunCounterAppUITests;
			productReference = 543ADD5B2BC55B5D00C88F53 /* StayJunCounterAppUITests.xctest */;
			productType = "com.apple.product-type.bundle.ui-testing";
		};
/* End PBXNativeTarget section */

/* Begin PBXProject section */
		543ADD332BC55B5C00C88F53 /* Project object */ = {
			isa = PBXProject;
			attributes = {
				BuildIndependentTargetsInParallel = 1;
				LastSwiftUpdateCheck = 1530;
				LastUpgradeCheck = 1530;
				TargetAttributes = {
					543ADD3A2BC55B5C00C88F53 = {
						CreatedOnToolsVersion = 15.3;
					};
					543ADD502BC55B5D00C88F53 = {
						CreatedOnToolsVersion = 15.3;
						TestTargetID = 543ADD3A2BC55B5C00C88F53;
					};
					543ADD5A2BC55B5D00C88F53 = {
						CreatedOnToolsVersion = 15.3;
						TestTargetID = 543ADD3A2BC55B5C00C88F53;
					};
				};
			};
			buildConfigurationList = 543ADD362BC55B5C00C88F53 /* Build configuration list for PBXProject "StayJunCounterApp" */;
			compatibilityVersion = "Xcode 14.0";
			developmentRegion = en;
			hasScannedForEncodings = 0;
			knownRegions = (
				en,
				Base,
			);
			mainGroup = 543ADD322BC55B5C00C88F53;
			productRefGroup = 543ADD3C2BC55B5C00C88F53 /* Products */;
			projectDirPath = "";
			projectRoot = "";
			targets = (
				543ADD3A2BC55B5C00C88F53 /* StayJunCounterApp */,
				543ADD502BC55B5D00C88F53 /* StayJunCounterAppTests */,
				543ADD5A2BC55B5D00C88F53 /* StayJunCounterAppUITests */,
			);
		};
/* End PBXProject section */

/* Begin PBXResourcesBuildPhase section */
		543ADD392BC55B5C00C88F53 /* Resources */ = {
			isa = PBXResourcesBuildPhase;
			buildActionMask = 2147483647;
			files = (
				543ADD482BC55B5D00C88F53 /* Assets.xcassets in Resources */,
				543ADD4B2BC55B5D00C88F53 /* Base in Resources */,
				543ADD462BC55B5C00C88F53 /* Base in Resources */,
			);
			runOnlyForDeploymentPostprocessing = 0;
		};
		543ADD4F2BC55B5D00C88F53 /* Resources */ = {
			isa = PBXResourcesBuildPhase;
			buildActionMask = 2147483647;
			files = (
			);
			runOnlyForDeploymentPostprocessing = 0;
		};
		543ADD592BC55B5D00C88F53 /* Resources */ = {
			isa = PBXResourcesBuildPhase;
			buildActionMask = 2147483647;
			files = (
			);
			runOnlyForDeploymentPostprocessing = 0;
		};
/* End PBXResourcesBuildPhase section */

/* Begin PBXSourcesBuildPhase section */
		543ADD372BC55B5C00C88F53 /* Sources */ = {
			isa = PBXSourcesBuildPhase;
			buildActionMask = 2147483647;
			files = (
				543ADD432BC55B5C00C88F53 /* MyCountViewController.swift in Sources */,
				543ADD3F2BC55B5C00C88F53 /* AppDelegate.swift in Sources */,
				543ADD412BC55B5C00C88F53 /* SceneDelegate.swift in Sources */,
			);
			runOnlyForDeploymentPostprocessing = 0;
		};
		543ADD4D2BC55B5D00C88F53 /* Sources */ = {
			isa = PBXSourcesBuildPhase;
			buildActionMask = 2147483647;
			files = (
				543ADD562BC55B5D00C88F53 /* StayJunCounterAppTests.swift in Sources */,
			);
			runOnlyForDeploymentPostprocessing = 0;
		};
		543ADD572BC55B5D00C88F53 /* Sources */ = {
			isa = PBXSourcesBuildPhase;
			buildActionMask = 2147483647;
			files = (
				543ADD622BC55B5D00C88F53 /* StayJunCounterAppUITestsLaunchTests.swift in Sources */,
				543ADD602BC55B5D00C88F53 /* StayJunCounterAppUITests.swift in Sources */,
			);
			runOnlyForDeploymentPostprocessing = 0;
		};
/* End PBXSourcesBuildPhase section */

/* Begin PBXTargetDependency section */
		543ADD532BC55B5D00C88F53 /* PBXTargetDependency */ = {
			isa = PBXTargetDependency;
			target = 543ADD3A2BC55B5C00C88F53 /* StayJunCounterApp */;
			targetProxy = 543ADD522BC55B5D00C88F53 /* PBXContainerItemProxy */;
		};
		543ADD5D2BC55B5D00C88F53 /* PBXTargetDependency */ = {
			isa = PBXTargetDependency;
			target = 543ADD3A2BC55B5C00C88F53 /* StayJunCounterApp */;
			targetProxy = 543ADD5C2BC55B5D00C88F53 /* PBXContainerItemProxy */;
		};
/* End PBXTargetDependency section */

/* Begin PBXVariantGroup section */
		543ADD442BC55B5C00C88F53 /* Main.storyboard */ = {
			isa = PBXVariantGroup;
			children = (
				543ADD452BC55B5C00C88F53 /* Base */,
			);
			name = Main.storyboard;
			sourceTree = "<group>";
		};
		543ADD492BC55B5D00C88F53 /* LaunchScreen.storyboard */ = {
			isa = PBXVariantGroup;
			children = (
				543ADD4A2BC55B5D00C88F53 /* Base */,
			);
			name = LaunchScreen.storyboard;
			sourceTree = "<group>";
		};
/* End PBXVariantGroup section */

/* Begin XCBuildConfiguration section */
		543ADD632BC55B5D00C88F53 /* Debug */ = {
			isa = XCBuildConfiguration;
			buildSettings = {
				ALWAYS_SEARCH_USER_PATHS = NO;
				ASSETCATALOG_COMPILER_GENERATE_SWIFT_ASSET_SYMBOL_EXTENSIONS = YES;
				CLANG_ANALYZER_NONNULL = YES;
				CLANG_ANALYZER_NUMBER_OBJECT_CONVERSION = YES_AGGRESSIVE;
				CLANG_CXX_LANGUAGE_STANDARD = "gnu++20";
				CLANG_ENABLE_MODULES = YES;
				CLANG_ENABLE_OBJC_ARC = YES;
				CLANG_ENABLE_OBJC_WEAK = YES;
				CLANG_WARN_BLOCK_CAPTURE_AUTORELEASING = YES;
				CLANG_WARN_BOOL_CONVERSION = YES;
				CLANG_WARN_COMMA = YES;
				CLANG_WARN_CONSTANT_CONVERSION = YES;
				CLANG_WARN_DEPRECATED_OBJC_IMPLEMENTATIONS = YES;
				CLANG_WARN_DIRECT_OBJC_ISA_USAGE = YES_ERROR;
				CLANG_WARN_DOCUMENTATION_COMMENTS = YES;
				CLANG_WARN_EMPTY_BODY = YES;
				CLANG_WARN_ENUM_CONVERSION = YES;
				CLANG_WARN_INFINITE_RECURSION = YES;
				CLANG_WARN_INT_CONVERSION = YES;
				CLANG_WARN_NON_LITERAL_NULL_CONVERSION = YES;
				CLANG_WARN_OBJC_IMPLICIT_RETAIN_SELF = YES;
				CLANG_WARN_OBJC_LITERAL_CONVERSION = YES;
				CLANG_WARN_OBJC_ROOT_CLASS = YES_ERROR;
				CLANG_WARN_QUOTED_INCLUDE_IN_FRAMEWORK_HEADER = YES;
				CLANG_WARN_RANGE_LOOP_ANALYSIS = YES;
				CLANG_WARN_STRICT_PROTOTYPES = YES;
				CLANG_WARN_SUSPICIOUS_MOVE = YES;
				CLANG_WARN_UNGUARDED_AVAILABILITY = YES_AGGRESSIVE;
				CLANG_WARN_UNREACHABLE_CODE = YES;
				CLANG_WARN__DUPLICATE_METHOD_MATCH = YES;
				COPY_PHASE_STRIP = NO;
				DEBUG_INFORMATION_FORMAT = dwarf;
				ENABLE_STRICT_OBJC_MSGSEND = YES;
				ENABLE_TESTABILITY = YES;
				ENABLE_USER_SCRIPT_SANDBOXING = YES;
				GCC_C_LANGUAGE_STANDARD = gnu17;
				GCC_DYNAMIC_NO_PIC = NO;
				GCC_NO_COMMON_BLOCKS = YES;
				GCC_OPTIMIZATION_LEVEL = 0;
				GCC_PREPROCESSOR_DEFINITIONS = (
					"DEBUG=1",
					"$(inherited)",
				);
				GCC_WARN_64_TO_32_BIT_CONVERSION = YES;
				GCC_WARN_ABOUT_RETURN_TYPE = YES_ERROR;
				GCC_WARN_UNDECLARED_SELECTOR = YES;
				GCC_WARN_UNINITIALIZED_AUTOS = YES_AGGRESSIVE;
				GCC_WARN_UNUSED_FUNCTION = YES;
				GCC_WARN_UNUSED_VARIABLE = YES;
				IPHONEOS_DEPLOYMENT_TARGET = 17.4;
				LOCALIZATION_PREFERS_STRING_CATALOGS = YES;
				MTL_ENABLE_DEBUG_INFO = INCLUDE_SOURCE;
				MTL_FAST_MATH = YES;
				ONLY_ACTIVE_ARCH = YES;
				SDKROOT = iphoneos;
				SWIFT_ACTIVE_COMPILATION_CONDITIONS = "DEBUG $(inherited)";
				SWIFT_OPTIMIZATION_LEVEL = "-Onone";
			};
			name = Debug;
		};
		543ADD642BC55B5D00C88F53 /* Release */ = {
			isa = XCBuildConfiguration;
			buildSettings = {
				ALWAYS_SEARCH_USER_PATHS = NO;
				ASSETCATALOG_COMPILER_GENERATE_SWIFT_ASSET_SYMBOL_EXTENSIONS = YES;
				CLANG_ANALYZER_NONNULL = YES;
				CLANG_ANALYZER_NUMBER_OBJECT_CONVERSION = YES_AGGRESSIVE;
				CLANG_CXX_LANGUAGE_STANDARD = "gnu++20";
				CLANG_ENABLE_MODULES = YES;
				CLANG_ENABLE_OBJC_ARC = YES;
				CLANG_ENABLE_OBJC_WEAK = YES;
				CLANG_WARN_BLOCK_CAPTURE_AUTORELEASING = YES;
				CLANG_WARN_BOOL_CONVERSION = YES;
				CLANG_WARN_COMMA = YES;
				CLANG_WARN_CONSTANT_CONVERSION = YES;
				CLANG_WARN_DEPRECATED_OBJC_IMPLEMENTATIONS = YES;
				CLANG_WARN_DIRECT_OBJC_ISA_USAGE = YES_ERROR;
				CLANG_WARN_DOCUMENTATION_COMMENTS = YES;
				CLANG_WARN_EMPTY_BODY = YES;
				CLANG_WARN_ENUM_CONVERSION = YES;
				CLANG_WARN_INFINITE_RECURSION = YES;
				CLANG_WARN_INT_CONVERSION = YES;
				CLANG_WARN_NON_LITERAL_NULL_CONVERSION = YES;
				CLANG_WARN_OBJC_IMPLICIT_RETAIN_SELF = YES;
				CLANG_WARN_OBJC_LITERAL_CONVERSION = YES;
				CLANG_WARN_OBJC_ROOT_CLASS = YES_ERROR;
				CLANG_WARN_QUOTED_INCLUDE_IN_FRAMEWORK_HEADER = YES;
				CLANG_WARN_RANGE_LOOP_ANALYSIS = YES;
				CLANG_WARN_STRICT_PROTOTYPES = YES;
				CLANG_WARN_SUSPICIOUS_MOVE = YES;
				CLANG_WARN_UNGUARDED_AVAILABILITY = YES_AGGRESSIVE;
				CLANG_WARN_UNREACHABLE_CODE = YES;
				CLANG_WARN__DUPLICATE_METHOD_MATCH = YES;
				COPY_PHASE_STRIP = NO;
				DEBUG_INFORMATION_FORMAT = "dwarf-with-dsym";
				ENABLE_NS_ASSERTIONS = NO;
				ENABLE_STRICT_OBJC_MSGSEND = YES;
				ENABLE_USER_SCRIPT_SANDBOXING = YES;
				GCC_C_LANGUAGE_STANDARD = gnu17;
				GCC_NO_COMMON_BLOCKS = YES;
				GCC_WARN_64_TO_32_BIT_CONVERSION = YES;
				GCC_WARN_ABOUT_RETURN_TYPE = YES_ERROR;
				GCC_WARN_UNDECLARED_SELECTOR = YES;
				GCC_WARN_UNINITIALIZED_AUTOS = YES_AGGRESSIVE;
				GCC_WARN_UNUSED_FUNCTION = YES;
				GCC_WARN_UNUSED_VARIABLE = YES;
				IPHONEOS_DEPLOYMENT_TARGET = 17.4;
				LOCALIZATION_PREFERS_STRING_CATALOGS = YES;
				MTL_ENABLE_DEBUG_INFO = NO;
				MTL_FAST_MATH = YES;
				SDKROOT = iphoneos;
				SWIFT_COMPILATION_MODE = wholemodule;
				VALIDATE_PRODUCT = YES;
			};
			name = Release;
		};
		543ADD662BC55B5D00C88F53 /* Debug */ = {
			isa = XCBuildConfiguration;
			buildSettings = {
				ASSETCATALOG_COMPILER_APPICON_NAME = AppIcon;
				ASSETCATALOG_COMPILER_GLOBAL_ACCENT_COLOR_NAME = AccentColor;
				CODE_SIGN_STYLE = Automatic;
				CURRENT_PROJECT_VERSION = 1;
				GENERATE_INFOPLIST_FILE = YES;
				INFOPLIST_FILE = StayJunCounterApp/Info.plist;
				INFOPLIST_KEY_UIApplicationSupportsIndirectInputEvents = YES;
				INFOPLIST_KEY_UILaunchStoryboardName = LaunchScreen;
				INFOPLIST_KEY_UIMainStoryboardFile = Main;
				INFOPLIST_KEY_UISupportedInterfaceOrientations_iPad = "UIInterfaceOrientationPortrait UIInterfaceOrientationPortraitUpsideDown UIInterfaceOrientationLandscapeLeft UIInterfaceOrientationLandscapeRight";
				INFOPLIST_KEY_UISupportedInterfaceOrientations_iPhone = "UIInterfaceOrientationPortrait UIInterfaceOrientationLandscapeLeft UIInterfaceOrientationLandscapeRight";
				LD_RUNPATH_SEARCH_PATHS = (
					"$(inherited)",
					"@executable_path/Frameworks",
				);
				MARKETING_VERSION = 1.0;
				PRODUCT_BUNDLE_IDENTIFIER = Stay.Jun.StayJunCounterApp;
				PRODUCT_NAME = "$(TARGET_NAME)";
				SWIFT_EMIT_LOC_STRINGS = YES;
				SWIFT_VERSION = 5.0;
				TARGETED_DEVICE_FAMILY = "1,2";
			};
			name = Debug;
		};
		543ADD672BC55B5D00C88F53 /* Release */ = {
			isa = XCBuildConfiguration;
			buildSettings = {
				ASSETCATALOG_COMPILER_APPICON_NAME = AppIcon;
				ASSETCATALOG_COMPILER_GLOBAL_ACCENT_COLOR_NAME = AccentColor;
				CODE_SIGN_STYLE = Automatic;
				CURRENT_PROJECT_VERSION = 1;
				GENERATE_INFOPLIST_FILE = YES;
				INFOPLIST_FILE = StayJunCounterApp/Info.plist;
				INFOPLIST_KEY_UIApplicationSupportsIndirectInputEvents = YES;
				INFOPLIST_KEY_UILaunchStoryboardName = LaunchScreen;
				INFOPLIST_KEY_UIMainStoryboardFile = Main;
				INFOPLIST_KEY_UISupportedInterfaceOrientations_iPad = "UIInterfaceOrientationPortrait UIInterfaceOrientationPortraitUpsideDown UIInterfaceOrientationLandscapeLeft UIInterfaceOrientationLandscapeRight";
				INFOPLIST_KEY_UISupportedInterfaceOrientations_iPhone = "UIInterfaceOrientationPortrait UIInterfaceOrientationLandscapeLeft UIInterfaceOrientationLandscapeRight";
				LD_RUNPATH_SEARCH_PATHS = (
					"$(inherited)",
					"@executable_path/Frameworks",
				);
				MARKETING_VERSION = 1.0;
				PRODUCT_BUNDLE_IDENTIFIER = Stay.Jun.StayJunCounterApp;
				PRODUCT_NAME = "$(TARGET_NAME)";
				SWIFT_EMIT_LOC_STRINGS = YES;
				SWIFT_VERSION = 5.0;
				TARGETED_DEVICE_FAMILY = "1,2";
			};
			name = Release;
		};
		543ADD692BC55B5D00C88F53 /* Debug */ = {
			isa = XCBuildConfiguration;
			buildSettings = {
				ALWAYS_EMBED_SWIFT_STANDARD_LIBRARIES = YES;
				BUNDLE_LOADER = "$(TEST_HOST)";
				CODE_SIGN_STYLE = Automatic;
				CURRENT_PROJECT_VERSION = 1;
				GENERATE_INFOPLIST_FILE = YES;
				IPHONEOS_DEPLOYMENT_TARGET = 17.4;
				MARKETING_VERSION = 1.0;
				PRODUCT_BUNDLE_IDENTIFIER = Stay.Jun.StayJunCounterAppTests;
				PRODUCT_NAME = "$(TARGET_NAME)";
				SWIFT_EMIT_LOC_STRINGS = NO;
				SWIFT_VERSION = 5.0;
				TARGETED_DEVICE_FAMILY = "1,2";
				TEST_HOST = "$(BUILT_PRODUCTS_DIR)/StayJunCounterApp.app/$(BUNDLE_EXECUTABLE_FOLDER_PATH)/StayJunCounterApp";
			};
			name = Debug;
		};
		543ADD6A2BC55B5D00C88F53 /* Release */ = {
			isa = XCBuildConfiguration;
			buildSettings = {
				ALWAYS_EMBED_SWIFT_STANDARD_LIBRARIES = YES;
				BUNDLE_LOADER = "$(TEST_HOST)";
				CODE_SIGN_STYLE = Automatic;
				CURRENT_PROJECT_VERSION = 1;
				GENERATE_INFOPLIST_FILE = YES;
				IPHONEOS_DEPLOYMENT_TARGET = 17.4;
				MARKETING_VERSION = 1.0;
				PRODUCT_BUNDLE_IDENTIFIER = Stay.Jun.StayJunCounterAppTests;
				PRODUCT_NAME = "$(TARGET_NAME)";
				SWIFT_EMIT_LOC_STRINGS = NO;
				SWIFT_VERSION = 5.0;
				TARGETED_DEVICE_FAMILY = "1,2";
				TEST_HOST = "$(BUILT_PRODUCTS_DIR)/StayJunCounterApp.app/$(BUNDLE_EXECUTABLE_FOLDER_PATH)/StayJunCounterApp";
			};
			name = Release;
		};
		543ADD6C2BC55B5D00C88F53 /* Debug */ = {
			isa = XCBuildConfiguration;
			buildSettings = {
				ALWAYS_EMBED_SWIFT_STANDARD_LIBRARIES = YES;
				CODE_SIGN_STYLE = Automatic;
				CURRENT_PROJECT_VERSION = 1;
				GENERATE_INFOPLIST_FILE = YES;
				MARKETING_VERSION = 1.0;
				PRODUCT_BUNDLE_IDENTIFIER = Stay.Jun.StayJunCounterAppUITests;
				PRODUCT_NAME = "$(TARGET_NAME)";
				SWIFT_EMIT_LOC_STRINGS = NO;
				SWIFT_VERSION = 5.0;
				TARGETED_DEVICE_FAMILY = "1,2";
				TEST_TARGET_NAME = StayJunCounterApp;
			};
			name = Debug;
		};
		543ADD6D2BC55B5D00C88F53 /* Release */ = {
			isa = XCBuildConfiguration;
			buildSettings = {
				ALWAYS_EMBED_SWIFT_STANDARD_LIBRARIES = YES;
				CODE_SIGN_STYLE = Automatic;
				CURRENT_PROJECT_VERSION = 1;
				GENERATE_INFOPLIST_FILE = YES;
				MARKETING_VERSION = 1.0;
				PRODUCT_BUNDLE_IDENTIFIER = Stay.Jun.StayJunCounterAppUITests;
				PRODUCT_NAME = "$(TARGET_NAME)";
				SWIFT_EMIT_LOC_STRINGS = NO;
				SWIFT_VERSION = 5.0;
				TARGETED_DEVICE_FAMILY = "1,2";
				TEST_TARGET_NAME = StayJunCounterApp;
			};
			name = Release;
		};
/* End XCBuildConfiguration section */

/* Begin XCConfigurationList section */
		543ADD362BC55B5C00C88F53 /* Build configuration list for PBXProject "StayJunCounterApp" */ = {
			isa = XCConfigurationList;
			buildConfigurations = (
				543ADD632BC55B5D00C88F53 /* Debug */,
				543ADD642BC55B5D00C88F53 /* Release */,
			);
			defaultConfigurationIsVisible = 0;
			defaultConfigurationName = Release;
		};
		543ADD652BC55B5D00C88F53 /* Build configuration list for PBXNativeTarget "StayJunCounterApp" */ = {
			isa = XCConfigurationList;
			buildConfigurations = (
				543ADD662BC55B5D00C88F53 /* Debug */,
				543ADD672BC55B5D00C88F53 /* Release */,
			);
			defaultConfigurationIsVisible = 0;
			defaultConfigurationName = Release;
		};
		543ADD682BC55B5D00C88F53 /* Build configuration list for PBXNativeTarget "StayJunCounterAppTests" */ = {
			isa = XCConfigurationList;
			buildConfigurations = (
				543ADD692BC55B5D00C88F53 /* Debug */,
				543ADD6A2BC55B5D00C88F53 /* Release */,
			);
			defaultConfigurationIsVisible = 0;
			defaultConfigurationName = Release;
		};
		543ADD6B2BC55B5D00C88F53 /* Build configuration list for PBXNativeTarget "StayJunCounterAppUITests" */ = {
			isa = XCConfigurationList;
			buildConfigurations = (
				543ADD6C2BC55B5D00C88F53 /* Debug */,
				543ADD6D2BC55B5D00C88F53 /* Release */,
			);
			defaultConfigurationIsVisible = 0;
			defaultConfigurationName = Release;
		};
/* End XCConfigurationList section */
	};
	rootObject = 543ADD332BC55B5C00C88F53 /* Project object */;
}
