// !$*UTF8*$!
{
	archiveVersion = 1;
	classes = {
	};
	objectVersion = 56;
	objects = {

/* Begin PBXBuildFile section */

		2B3EB4022BF625010077E4FD /* FashionViewController.swift in Sources */ = {isa = PBXBuildFile; fileRef = 2B3EB4012BF625010077E4FD /* FashionViewController.swift */; };
		2B3EB4042BF6250B0077E4FD /* FashionTableViewCell.swift in Sources */ = {isa = PBXBuildFile; fileRef = 2B3EB4032BF6250B0077E4FD /* FashionTableViewCell.swift */; };
		856C9B632BF5035800D99A2F /* WeatherViewController.swift in Sources */ = {isa = PBXBuildFile; fileRef = 856C9B622BF5035800D99A2F /* WeatherViewController.swift */; };
		856C9B662BF5FE8400D99A2F /* Gabarito-SemiBold.ttf in Resources */ = {isa = PBXBuildFile; fileRef = 856C9B652BF5FE8400D99A2F /* Gabarito-SemiBold.ttf */; };
		856C9B682BF5FEE300D99A2F /* Gabarito-Regular.ttf in Resources */ = {isa = PBXBuildFile; fileRef = 856C9B672BF5FEE300D99A2F /* Gabarito-Regular.ttf */; };
		856C9B6A2BF5FF0400D99A2F /* Gabarito-Bold.ttf in Resources */ = {isa = PBXBuildFile; fileRef = 856C9B692BF5FF0400D99A2F /* Gabarito-Bold.ttf */; };
		856C9B6C2BF5FF8900D99A2F /* BagelFatOne-Regular.ttf in Resources */ = {isa = PBXBuildFile; fileRef = 856C9B6B2BF5FF8900D99A2F /* BagelFatOne-Regular.ttf */; };
		856C9B6E2BF5FFA800D99A2F /* Pretendard-Regular.otf in Resources */ = {isa = PBXBuildFile; fileRef = 856C9B6D2BF5FFA800D99A2F /* Pretendard-Regular.otf */; };
		856C9B702BF5FFBF00D99A2F /* Pretendard-SemiBold.otf in Resources */ = {isa = PBXBuildFile; fileRef = 856C9B6F2BF5FFBF00D99A2F /* Pretendard-SemiBold.otf */; };
		856C9B722BF5FFF000D99A2F /* Gabarito-Medium.ttf in Resources */ = {isa = PBXBuildFile; fileRef = 856C9B712BF5FFF000D99A2F /* Gabarito-Medium.ttf */; };
		856C9B742BF6004400D99A2F /* Pretendard-Medium.otf in Resources */ = {isa = PBXBuildFile; fileRef = 856C9B732BF6004400D99A2F /* Pretendard-Medium.otf */; };
		856C9B762BF6006E00D99A2F /* Pretendard-Bold.otf in Resources */ = {isa = PBXBuildFile; fileRef = 856C9B752BF6006E00D99A2F /* Pretendard-Bold.otf */; };
		856C9B782BF6011300D99A2F /* GlacialIndifference-Regular.otf in Resources */ = {isa = PBXBuildFile; fileRef = 856C9B772BF6011300D99A2F /* GlacialIndifference-Regular.otf */; };
		856C9B7A2BF6028E00D99A2F /* Fonts.swift in Sources */ = {isa = PBXBuildFile; fileRef = 856C9B792BF6028E00D99A2F /* Fonts.swift */; };
		856C9B7E2BF6F4A800D99A2F /* UIViewExtension.swift in Sources */ = {isa = PBXBuildFile; fileRef = 856C9B7D2BF6F4A800D99A2F /* UIViewExtension.swift */; };
		856C9B812BF7500F00D99A2F /* WeatherModel.swift in Sources */ = {isa = PBXBuildFile; fileRef = 856C9B802BF7500F00D99A2F /* WeatherModel.swift */; };
		856C9B832BFB921400D99A2F /* FiveDaysWeatherViewController.swift in Sources */ = {isa = PBXBuildFile; fileRef = 856C9B822BFB921400D99A2F /* FiveDaysWeatherViewController.swift */; };
		856C9B852BFBA20000D99A2F /* FiveDaysWeatherTableViewCell.swift in Sources */ = {isa = PBXBuildFile; fileRef = 856C9B842BFBA20000D99A2F /* FiveDaysWeatherTableViewCell.swift */; };
		856C9B872BFC2AC900D99A2F /* WeatherTableViewHeaderView.swift in Sources */ = {isa = PBXBuildFile; fileRef = 856C9B862BFC2AC900D99A2F /* WeatherTableViewHeaderView.swift */; };
		856C9B892BFC666100D99A2F /* WeatherDataManager.swift in Sources */ = {isa = PBXBuildFile; fileRef = 856C9B882BFC666100D99A2F /* WeatherDataManager.swift */; };
		A710034E2BFB35E200BF6FD4 /* SearchView.swift in Sources */ = {isa = PBXBuildFile; fileRef = A710034D2BFB35E200BF6FD4 /* SearchView.swift */; };
		A71003512BFB8F5B00BF6FD4 /* CoreDataManager.swift in Sources */ = {isa = PBXBuildFile; fileRef = A71003502BFB8F5B00BF6FD4 /* CoreDataManager.swift */; };
		A7894CFF2BF5A98C003469A5 /* SearchTableViewCell.swift in Sources */ = {isa = PBXBuildFile; fileRef = A7894CFE2BF5A98C003469A5 /* SearchTableViewCell.swift */; };
		A7894D032BF61AFD003469A5 /* SelectedTableViewCell.swift in Sources */ = {isa = PBXBuildFile; fileRef = A7894D022BF61AFD003469A5 /* SelectedTableViewCell.swift */; };
		A7937AC12BF3836E00E9AD04 /* SearchViewController.swift in Sources */ = {isa = PBXBuildFile; fileRef = A7937AC02BF3836E00E9AD04 /* SearchViewController.swift */; };
		A7DD85912BFA313D00823B92 /* CurrentWeather.swift in Sources */ = {isa = PBXBuildFile; fileRef = A7DD85902BFA313D00823B92 /* CurrentWeather.swift */; };
		A7FDF88D2BFC852F0010E860 /* TabBarController.swift in Sources */ = {isa = PBXBuildFile; fileRef = A7FDF88C2BFC852F0010E860 /* TabBarController.swift */; };
		A7FDF8A22BFE13ED0010E860 /* TodayWeather.xcdatamodeld in Sources */ = {isa = PBXBuildFile; fileRef = A7FDF8A02BFE13ED0010E860 /* TodayWeather.xcdatamodeld */; };
		A7FDF8AA2BFE40840010E860 /* DGChartsDynamic in Frameworks */ = {isa = PBXBuildFile; productRef = A7FDF8A92BFE40840010E860 /* DGChartsDynamic */; };
		B54ABF162BF22B4F002E89DC /* AppDelegate.swift in Sources */ = {isa = PBXBuildFile; fileRef = B54ABF152BF22B4F002E89DC /* AppDelegate.swift */; };
		B54ABF182BF22B4F002E89DC /* SceneDelegate.swift in Sources */ = {isa = PBXBuildFile; fileRef = B54ABF172BF22B4F002E89DC /* SceneDelegate.swift */; };
		B54ABF1A2BF22B4F002E89DC /* ViewController.swift in Sources */ = {isa = PBXBuildFile; fileRef = B54ABF192BF22B4F002E89DC /* ViewController.swift */; };
		B54ABF222BF22B51002E89DC /* Assets.xcassets in Resources */ = {isa = PBXBuildFile; fileRef = B54ABF212BF22B51002E89DC /* Assets.xcassets */; };
		B54ABF322BF22D82002E89DC /* Model.swift in Sources */ = {isa = PBXBuildFile; fileRef = B54ABF312BF22D82002E89DC /* Model.swift */; };
		B54ABF342BF22D9A002E89DC /* Network.swift in Sources */ = {isa = PBXBuildFile; fileRef = B54ABF332BF22D9A002E89DC /* Network.swift */; };
		B54ABF372BF22E95002E89DC /* SnapKit in Frameworks */ = {isa = PBXBuildFile; productRef = B54ABF362BF22E95002E89DC /* SnapKit */; };
		B54ABF3A2BF22E9D002E89DC /* Then in Frameworks */ = {isa = PBXBuildFile; productRef = B54ABF392BF22E9D002E89DC /* Then */; };
		B54ABF3D2BF22EA6002E89DC /* Alamofire in Frameworks */ = {isa = PBXBuildFile; productRef = B54ABF3C2BF22EA6002E89DC /* Alamofire */; };
		B54ABF3F2BF22EA6002E89DC /* AlamofireDynamic in Frameworks */ = {isa = PBXBuildFile; productRef = B54ABF3E2BF22EA6002E89DC /* AlamofireDynamic */; };
		B54ABF412BF30223002E89DC /* WeatherAPIManager.swift in Sources */ = {isa = PBXBuildFile; fileRef = B54ABF402BF30223002E89DC /* WeatherAPIManager.swift */; };
		B54ABF432BF303C8002E89DC /* TodayWeatherAPI.plist in Resources */ = {isa = PBXBuildFile; fileRef = B54ABF422BF303C8002E89DC /* TodayWeatherAPI.plist */; };
		B54ABF452BF304D6002E89DC /* TodayWeatherAPI++Bundle.swift in Sources */ = {isa = PBXBuildFile; fileRef = B54ABF442BF304D6002E89DC /* TodayWeatherAPI++Bundle.swift */; };
		B54ABF472BF30645002E89DC /* CurrentResponseModel.swift in Sources */ = {isa = PBXBuildFile; fileRef = B54ABF462BF30645002E89DC /* CurrentResponseModel.swift */; };
		B54ABF492BF307B8002E89DC /* ForecastResponseModel.swift in Sources */ = {isa = PBXBuildFile; fileRef = B54ABF482BF307B8002E89DC /* ForecastResponseModel.swift */; };
		B54ABF4B2BF30C3E002E89DC /* DustAPIManager.swift in Sources */ = {isa = PBXBuildFile; fileRef = B54ABF4A2BF30C3E002E89DC /* DustAPIManager.swift */; };
		B54ABF4D2BF30CE9002E89DC /* DustResponseModel.swift in Sources */ = {isa = PBXBuildFile; fileRef = B54ABF4C2BF30CE9002E89DC /* DustResponseModel.swift */; };
		B54ABF522BF314B4002E89DC /* LocationManager.swift in Sources */ = {isa = PBXBuildFile; fileRef = B54ABF512BF314B4002E89DC /* LocationManager.swift */; };
		B54ABF542BF33768002E89DC /* DotAnimationView.swift in Sources */ = {isa = PBXBuildFile; fileRef = B54ABF532BF33768002E89DC /* DotAnimationView.swift */; };
		B54ABF562BF33782002E89DC /* DustyViewController.swift in Sources */ = {isa = PBXBuildFile; fileRef = B54ABF552BF33782002E89DC /* DustyViewController.swift */; };
		B54ABF5A2BF5C0FC002E89DC /* CustomTabControl.swift in Sources */ = {isa = PBXBuildFile; fileRef = B54ABF592BF5C0FC002E89DC /* CustomTabControl.swift */; };
		B54ABF602BF75ACD002E89DC /* SegmentControlView.swift in Sources */ = {isa = PBXBuildFile; fileRef = B54ABF5F2BF75ACD002E89DC /* SegmentControlView.swift */; };
		B54ABF652BFB608C002E89DC /* DGCharts in Frameworks */ = {isa = PBXBuildFile; productRef = B54ABF642BFB608C002E89DC /* DGCharts */; };
		B54ABF692BFB61DA002E89DC /* DetailAqiViewController.swift in Sources */ = {isa = PBXBuildFile; fileRef = B54ABF682BFB61DA002E89DC /* DetailAqiViewController.swift */; };
		B54ABF6B2BFC9521002E89DC /* DetailChartCell.swift in Sources */ = {isa = PBXBuildFile; fileRef = B54ABF6A2BFC9521002E89DC /* DetailChartCell.swift */; };
		B54ABF6D2BFC968B002E89DC /* DetailCardCell.swift in Sources */ = {isa = PBXBuildFile; fileRef = B54ABF6C2BFC968B002E89DC /* DetailCardCell.swift */; };
/* End PBXBuildFile section */

/* Begin PBXCopyFilesBuildPhase section */
		A7FDF8932BFD215B0010E860 /* Embed Frameworks */ = {
			isa = PBXCopyFilesBuildPhase;
			buildActionMask = 2147483647;
			dstPath = "";
			dstSubfolderSpec = 10;
			files = (
			);
			name = "Embed Frameworks";
			runOnlyForDeploymentPostprocessing = 0;
		};
/* End PBXCopyFilesBuildPhase section */

/* Begin PBXFileReference section */
		2B3EB4012BF625010077E4FD /* FashionViewController.swift */ = {isa = PBXFileReference; lastKnownFileType = sourcecode.swift; path = FashionViewController.swift; sourceTree = "<group>"; };
		2B3EB4032BF6250B0077E4FD /* FashionTableViewCell.swift */ = {isa = PBXFileReference; lastKnownFileType = sourcecode.swift; path = FashionTableViewCell.swift; sourceTree = "<group>"; };
		856C9B622BF5035800D99A2F /* WeatherViewController.swift */ = {isa = PBXFileReference; lastKnownFileType = sourcecode.swift; path = WeatherViewController.swift; sourceTree = "<group>"; };
		856C9B652BF5FE8400D99A2F /* Gabarito-SemiBold.ttf */ = {isa = PBXFileReference; lastKnownFileType = file; path = "Gabarito-SemiBold.ttf"; sourceTree = "<group>"; };
		856C9B672BF5FEE300D99A2F /* Gabarito-Regular.ttf */ = {isa = PBXFileReference; lastKnownFileType = file; path = "Gabarito-Regular.ttf"; sourceTree = "<group>"; };
		856C9B692BF5FF0400D99A2F /* Gabarito-Bold.ttf */ = {isa = PBXFileReference; lastKnownFileType = file; path = "Gabarito-Bold.ttf"; sourceTree = "<group>"; };
		856C9B6B2BF5FF8900D99A2F /* BagelFatOne-Regular.ttf */ = {isa = PBXFileReference; lastKnownFileType = file; path = "BagelFatOne-Regular.ttf"; sourceTree = "<group>"; };
		856C9B6D2BF5FFA800D99A2F /* Pretendard-Regular.otf */ = {isa = PBXFileReference; lastKnownFileType = file; path = "Pretendard-Regular.otf"; sourceTree = "<group>"; };
		856C9B6F2BF5FFBF00D99A2F /* Pretendard-SemiBold.otf */ = {isa = PBXFileReference; lastKnownFileType = file; path = "Pretendard-SemiBold.otf"; sourceTree = "<group>"; };
		856C9B712BF5FFF000D99A2F /* Gabarito-Medium.ttf */ = {isa = PBXFileReference; lastKnownFileType = file; path = "Gabarito-Medium.ttf"; sourceTree = "<group>"; };
		856C9B732BF6004400D99A2F /* Pretendard-Medium.otf */ = {isa = PBXFileReference; lastKnownFileType = file; path = "Pretendard-Medium.otf"; sourceTree = "<group>"; };
		856C9B752BF6006E00D99A2F /* Pretendard-Bold.otf */ = {isa = PBXFileReference; lastKnownFileType = file; path = "Pretendard-Bold.otf"; sourceTree = "<group>"; };
		856C9B772BF6011300D99A2F /* GlacialIndifference-Regular.otf */ = {isa = PBXFileReference; lastKnownFileType = file; path = "GlacialIndifference-Regular.otf"; sourceTree = "<group>"; };
		856C9B792BF6028E00D99A2F /* Fonts.swift */ = {isa = PBXFileReference; lastKnownFileType = sourcecode.swift; path = Fonts.swift; sourceTree = "<group>"; };
		856C9B7D2BF6F4A800D99A2F /* UIViewExtension.swift */ = {isa = PBXFileReference; lastKnownFileType = sourcecode.swift; path = UIViewExtension.swift; sourceTree = "<group>"; };
		856C9B802BF7500F00D99A2F /* WeatherModel.swift */ = {isa = PBXFileReference; lastKnownFileType = sourcecode.swift; path = WeatherModel.swift; sourceTree = "<group>"; };
		856C9B822BFB921400D99A2F /* FiveDaysWeatherViewController.swift */ = {isa = PBXFileReference; lastKnownFileType = sourcecode.swift; path = FiveDaysWeatherViewController.swift; sourceTree = "<group>"; };
		856C9B842BFBA20000D99A2F /* FiveDaysWeatherTableViewCell.swift */ = {isa = PBXFileReference; lastKnownFileType = sourcecode.swift; path = FiveDaysWeatherTableViewCell.swift; sourceTree = "<group>"; };
		856C9B862BFC2AC900D99A2F /* WeatherTableViewHeaderView.swift */ = {isa = PBXFileReference; lastKnownFileType = sourcecode.swift; path = WeatherTableViewHeaderView.swift; sourceTree = "<group>"; };
		856C9B882BFC666100D99A2F /* WeatherDataManager.swift */ = {isa = PBXFileReference; lastKnownFileType = sourcecode.swift; path = WeatherDataManager.swift; sourceTree = "<group>"; };
		A710034D2BFB35E200BF6FD4 /* SearchView.swift */ = {isa = PBXFileReference; lastKnownFileType = sourcecode.swift; path = SearchView.swift; sourceTree = "<group>"; };
		A71003502BFB8F5B00BF6FD4 /* CoreDataManager.swift */ = {isa = PBXFileReference; lastKnownFileType = sourcecode.swift; path = CoreDataManager.swift; sourceTree = "<group>"; };
		A7894CFE2BF5A98C003469A5 /* SearchTableViewCell.swift */ = {isa = PBXFileReference; lastKnownFileType = sourcecode.swift; path = SearchTableViewCell.swift; sourceTree = "<group>"; };
		A7894D022BF61AFD003469A5 /* SelectedTableViewCell.swift */ = {isa = PBXFileReference; lastKnownFileType = sourcecode.swift; path = SelectedTableViewCell.swift; sourceTree = "<group>"; };
		A7937AC02BF3836E00E9AD04 /* SearchViewController.swift */ = {isa = PBXFileReference; lastKnownFileType = sourcecode.swift; path = SearchViewController.swift; sourceTree = "<group>"; };
		A7DD85902BFA313D00823B92 /* CurrentWeather.swift */ = {isa = PBXFileReference; lastKnownFileType = sourcecode.swift; path = CurrentWeather.swift; sourceTree = "<group>"; };
		A7FDF88C2BFC852F0010E860 /* TabBarController.swift */ = {isa = PBXFileReference; lastKnownFileType = sourcecode.swift; path = TabBarController.swift; sourceTree = "<group>"; };
		A7FDF8A12BFE13ED0010E860 /* TodayWeather.xcdatamodel */ = {isa = PBXFileReference; lastKnownFileType = wrapper.xcdatamodel; path = TodayWeather.xcdatamodel; sourceTree = "<group>"; };
		B54ABF122BF22B4F002E89DC /* TodayWeather.app */ = {isa = PBXFileReference; explicitFileType = wrapper.application; includeInIndex = 0; path = TodayWeather.app; sourceTree = BUILT_PRODUCTS_DIR; };
		B54ABF152BF22B4F002E89DC /* AppDelegate.swift */ = {isa = PBXFileReference; lastKnownFileType = sourcecode.swift; path = AppDelegate.swift; sourceTree = "<group>"; };
		B54ABF172BF22B4F002E89DC /* SceneDelegate.swift */ = {isa = PBXFileReference; lastKnownFileType = sourcecode.swift; path = SceneDelegate.swift; sourceTree = "<group>"; };
		B54ABF192BF22B4F002E89DC /* ViewController.swift */ = {isa = PBXFileReference; lastKnownFileType = sourcecode.swift; path = ViewController.swift; sourceTree = "<group>"; };
		B54ABF212BF22B51002E89DC /* Assets.xcassets */ = {isa = PBXFileReference; lastKnownFileType = folder.assetcatalog; path = Assets.xcassets; sourceTree = "<group>"; };
		B54ABF262BF22B51002E89DC /* Info.plist */ = {isa = PBXFileReference; lastKnownFileType = text.plist.xml; path = Info.plist; sourceTree = "<group>"; };
		B54ABF312BF22D82002E89DC /* Model.swift */ = {isa = PBXFileReference; lastKnownFileType = sourcecode.swift; path = Model.swift; sourceTree = "<group>"; };
		B54ABF332BF22D9A002E89DC /* Network.swift */ = {isa = PBXFileReference; lastKnownFileType = sourcecode.swift; path = Network.swift; sourceTree = "<group>"; };
		B54ABF402BF30223002E89DC /* WeatherAPIManager.swift */ = {isa = PBXFileReference; lastKnownFileType = sourcecode.swift; path = WeatherAPIManager.swift; sourceTree = "<group>"; };
		B54ABF422BF303C8002E89DC /* TodayWeatherAPI.plist */ = {isa = PBXFileReference; lastKnownFileType = text.plist.xml; path = TodayWeatherAPI.plist; sourceTree = "<group>"; };
		B54ABF442BF304D6002E89DC /* TodayWeatherAPI++Bundle.swift */ = {isa = PBXFileReference; lastKnownFileType = sourcecode.swift; path = "TodayWeatherAPI++Bundle.swift"; sourceTree = "<group>"; };
		B54ABF462BF30645002E89DC /* CurrentResponseModel.swift */ = {isa = PBXFileReference; lastKnownFileType = sourcecode.swift; path = CurrentResponseModel.swift; sourceTree = "<group>"; };
		B54ABF482BF307B8002E89DC /* ForecastResponseModel.swift */ = {isa = PBXFileReference; lastKnownFileType = sourcecode.swift; path = ForecastResponseModel.swift; sourceTree = "<group>"; };
		B54ABF4A2BF30C3E002E89DC /* DustAPIManager.swift */ = {isa = PBXFileReference; lastKnownFileType = sourcecode.swift; path = DustAPIManager.swift; sourceTree = "<group>"; };
		B54ABF4C2BF30CE9002E89DC /* DustResponseModel.swift */ = {isa = PBXFileReference; lastKnownFileType = sourcecode.swift; path = DustResponseModel.swift; sourceTree = "<group>"; };
		B54ABF512BF314B4002E89DC /* LocationManager.swift */ = {isa = PBXFileReference; lastKnownFileType = sourcecode.swift; path = LocationManager.swift; sourceTree = "<group>"; };
		B54ABF532BF33768002E89DC /* DotAnimationView.swift */ = {isa = PBXFileReference; lastKnownFileType = sourcecode.swift; path = DotAnimationView.swift; sourceTree = "<group>"; };
		B54ABF552BF33782002E89DC /* DustyViewController.swift */ = {isa = PBXFileReference; lastKnownFileType = sourcecode.swift; path = DustyViewController.swift; sourceTree = "<group>"; };
		B54ABF592BF5C0FC002E89DC /* CustomTabControl.swift */ = {isa = PBXFileReference; lastKnownFileType = sourcecode.swift; path = CustomTabControl.swift; sourceTree = "<group>"; };
		B54ABF5F2BF75ACD002E89DC /* SegmentControlView.swift */ = {isa = PBXFileReference; lastKnownFileType = sourcecode.swift; path = SegmentControlView.swift; sourceTree = "<group>"; };
		B54ABF682BFB61DA002E89DC /* DetailAqiViewController.swift */ = {isa = PBXFileReference; lastKnownFileType = sourcecode.swift; path = DetailAqiViewController.swift; sourceTree = "<group>"; };
		B54ABF6A2BFC9521002E89DC /* DetailChartCell.swift */ = {isa = PBXFileReference; lastKnownFileType = sourcecode.swift; path = DetailChartCell.swift; sourceTree = "<group>"; };
		B54ABF6C2BFC968B002E89DC /* DetailCardCell.swift */ = {isa = PBXFileReference; lastKnownFileType = sourcecode.swift; path = DetailCardCell.swift; sourceTree = "<group>"; };
/* End PBXFileReference section */

/* Begin PBXFrameworksBuildPhase section */
		B54ABF0F2BF22B4F002E89DC /* Frameworks */ = {
			isa = PBXFrameworksBuildPhase;
			buildActionMask = 2147483647;
			files = (
				B54ABF3D2BF22EA6002E89DC /* Alamofire in Frameworks */,
				B54ABF3F2BF22EA6002E89DC /* AlamofireDynamic in Frameworks */,
				B54ABF652BFB608C002E89DC /* DGCharts in Frameworks */,
				B54ABF372BF22E95002E89DC /* SnapKit in Frameworks */,
				A7FDF8AA2BFE40840010E860 /* DGChartsDynamic in Frameworks */,
				B54ABF3A2BF22E9D002E89DC /* Then in Frameworks */,
			);
			runOnlyForDeploymentPostprocessing = 0;
		};
/* End PBXFrameworksBuildPhase section */

/* Begin PBXGroup section */
		856C9B642BF5FE1000D99A2F /* Fonts */ = {
			isa = PBXGroup;
			children = (
				856C9B6B2BF5FF8900D99A2F /* BagelFatOne-Regular.ttf */,
				856C9B692BF5FF0400D99A2F /* Gabarito-Bold.ttf */,
				856C9B712BF5FFF000D99A2F /* Gabarito-Medium.ttf */,
				856C9B672BF5FEE300D99A2F /* Gabarito-Regular.ttf */,
				856C9B652BF5FE8400D99A2F /* Gabarito-SemiBold.ttf */,
				856C9B772BF6011300D99A2F /* GlacialIndifference-Regular.otf */,
				856C9B752BF6006E00D99A2F /* Pretendard-Bold.otf */,
				856C9B732BF6004400D99A2F /* Pretendard-Medium.otf */,
				856C9B6D2BF5FFA800D99A2F /* Pretendard-Regular.otf */,
				856C9B6F2BF5FFBF00D99A2F /* Pretendard-SemiBold.otf */,
			);
			path = Fonts;
			sourceTree = "<group>";
		};
		856C9B7F2BF74D4F00D99A2F /* Extension */ = {
			isa = PBXGroup;
			children = (
				856C9B7D2BF6F4A800D99A2F /* UIViewExtension.swift */,
			);
			path = Extension;
			sourceTree = "<group>";
		};
		A7FDF88F2BFD215A0010E860 /* Frameworks */ = {
			isa = PBXGroup;
			children = (
			);
			name = Frameworks;
			sourceTree = "<group>";
		};
		B54ABF092BF22B4F002E89DC = {
			isa = PBXGroup;
			children = (
				B54ABF142BF22B4F002E89DC /* TodayWeather */,
				B54ABF132BF22B4F002E89DC /* Products */,
				A7FDF88F2BFD215A0010E860 /* Frameworks */,
			);
			sourceTree = "<group>";
		};
		B54ABF132BF22B4F002E89DC /* Products */ = {
			isa = PBXGroup;
			children = (
				B54ABF122BF22B4F002E89DC /* TodayWeather.app */,
			);
			name = Products;
			sourceTree = "<group>";
		};
		B54ABF142BF22B4F002E89DC /* TodayWeather */ = {
			isa = PBXGroup;
			children = (
				A7FDF8A02BFE13ED0010E860 /* TodayWeather.xcdatamodeld */,
				B54ABF2D2BF22C38002E89DC /* Application */,
				B54ABF2F2BF22C60002E89DC /* Network */,
				B54ABF302BF22C68002E89DC /* Model */,
				B54ABF2E2BF22C43002E89DC /* Presentation */,
				B54ABF2C2BF22C30002E89DC /* Resource */,
				856C9B7F2BF74D4F00D99A2F /* Extension */,
			);
			path = TodayWeather;
			sourceTree = "<group>";
		};
		B54ABF2C2BF22C30002E89DC /* Resource */ = {
			isa = PBXGroup;
			children = (
				856C9B642BF5FE1000D99A2F /* Fonts */,
				B54ABF262BF22B51002E89DC /* Info.plist */,
				B54ABF212BF22B51002E89DC /* Assets.xcassets */,
				B54ABF422BF303C8002E89DC /* TodayWeatherAPI.plist */,
				B54ABF442BF304D6002E89DC /* TodayWeatherAPI++Bundle.swift */,
				B54ABF512BF314B4002E89DC /* LocationManager.swift */,
				856C9B792BF6028E00D99A2F /* Fonts.swift */,
			);
			path = Resource;
			sourceTree = "<group>";
		};
		B54ABF2D2BF22C38002E89DC /* Application */ = {
			isa = PBXGroup;
			children = (
				B54ABF172BF22B4F002E89DC /* SceneDelegate.swift */,
				B54ABF152BF22B4F002E89DC /* AppDelegate.swift */,
			);
			path = Application;
			sourceTree = "<group>";
		};
		B54ABF2E2BF22C43002E89DC /* Presentation */ = {
			isa = PBXGroup;
			children = (
				B54ABF6E2BFCAFCC002E89DC /* Dusty */,
				B54ABF192BF22B4F002E89DC /* ViewController.swift */,
				2B3EB4012BF625010077E4FD /* FashionViewController.swift */,
				2B3EB4032BF6250B0077E4FD /* FashionTableViewCell.swift */,
				B54ABF592BF5C0FC002E89DC /* CustomTabControl.swift */,
				B54ABF5F2BF75ACD002E89DC /* SegmentControlView.swift */,
				A7937AC02BF3836E00E9AD04 /* SearchViewController.swift */,
				A7894CFE2BF5A98C003469A5 /* SearchTableViewCell.swift */,
				A7894D022BF61AFD003469A5 /* SelectedTableViewCell.swift */,
				A7DD85902BFA313D00823B92 /* CurrentWeather.swift */,
				A710034D2BFB35E200BF6FD4 /* SearchView.swift */,
				856C9B622BF5035800D99A2F /* WeatherViewController.swift */,
				A7FDF88C2BFC852F0010E860 /* TabBarController.swift */,
				856C9B822BFB921400D99A2F /* FiveDaysWeatherViewController.swift */,
				856C9B842BFBA20000D99A2F /* FiveDaysWeatherTableViewCell.swift */,
				856C9B862BFC2AC900D99A2F /* WeatherTableViewHeaderView.swift */,
			);
			path = Presentation;
			sourceTree = "<group>";
		};
		B54ABF2F2BF22C60002E89DC /* Network */ = {
			isa = PBXGroup;
			children = (
				B54ABF332BF22D9A002E89DC /* Network.swift */,
				B54ABF402BF30223002E89DC /* WeatherAPIManager.swift */,
				B54ABF4A2BF30C3E002E89DC /* DustAPIManager.swift */,
			);
			path = Network;
			sourceTree = "<group>";
		};
		B54ABF302BF22C68002E89DC /* Model */ = {
			isa = PBXGroup;
			children = (
				B54ABF312BF22D82002E89DC /* Model.swift */,
				B54ABF462BF30645002E89DC /* CurrentResponseModel.swift */,
				B54ABF482BF307B8002E89DC /* ForecastResponseModel.swift */,
				B54ABF4C2BF30CE9002E89DC /* DustResponseModel.swift */,
				A71003502BFB8F5B00BF6FD4 /* CoreDataManager.swift */,
				856C9B802BF7500F00D99A2F /* WeatherModel.swift */,
				856C9B882BFC666100D99A2F /* WeatherDataManager.swift */,
			);
			path = Model;
			sourceTree = "<group>";
		};
		B54ABF6E2BFCAFCC002E89DC /* Dusty */ = {
			isa = PBXGroup;
			children = (
				B54ABF682BFB61DA002E89DC /* DetailAqiViewController.swift */,
				B54ABF6A2BFC9521002E89DC /* DetailChartCell.swift */,
				B54ABF6C2BFC968B002E89DC /* DetailCardCell.swift */,
				B54ABF552BF33782002E89DC /* DustyViewController.swift */,
				B54ABF532BF33768002E89DC /* DotAnimationView.swift */,
			);
			path = Dusty;
			sourceTree = "<group>";
		};
/* End PBXGroup section */

/* Begin PBXNativeTarget section */
		B54ABF112BF22B4F002E89DC /* TodayWeather */ = {
			isa = PBXNativeTarget;
			buildConfigurationList = B54ABF292BF22B51002E89DC /* Build configuration list for PBXNativeTarget "TodayWeather" */;
			buildPhases = (
				B54ABF0E2BF22B4F002E89DC /* Sources */,
				B54ABF0F2BF22B4F002E89DC /* Frameworks */,
				B54ABF102BF22B4F002E89DC /* Resources */,
				A7FDF8932BFD215B0010E860 /* Embed Frameworks */,
			);
			buildRules = (
			);
			dependencies = (
			);
			name = TodayWeather;
			packageProductDependencies = (
				B54ABF362BF22E95002E89DC /* SnapKit */,
				B54ABF392BF22E9D002E89DC /* Then */,
				B54ABF3C2BF22EA6002E89DC /* Alamofire */,
				B54ABF3E2BF22EA6002E89DC /* AlamofireDynamic */,
				B54ABF642BFB608C002E89DC /* DGCharts */,
				A7FDF8A92BFE40840010E860 /* DGChartsDynamic */,
			);
			productName = TodayWeather;
			productReference = B54ABF122BF22B4F002E89DC /* TodayWeather.app */;
			productType = "com.apple.product-type.application";
		};
/* End PBXNativeTarget section */

/* Begin PBXProject section */
		B54ABF0A2BF22B4F002E89DC /* Project object */ = {
			isa = PBXProject;
			attributes = {
				BuildIndependentTargetsInParallel = 1;
				LastSwiftUpdateCheck = 1530;
				LastUpgradeCheck = 1530;
				TargetAttributes = {
					B54ABF112BF22B4F002E89DC = {
						CreatedOnToolsVersion = 15.3;
					};
				};
			};
			buildConfigurationList = B54ABF0D2BF22B4F002E89DC /* Build configuration list for PBXProject "TodayWeather" */;
			compatibilityVersion = "Xcode 14.0";
			developmentRegion = en;
			hasScannedForEncodings = 0;
			knownRegions = (
				en,
				Base,
			);
			mainGroup = B54ABF092BF22B4F002E89DC;
			packageReferences = (
				B54ABF352BF22E95002E89DC /* XCRemoteSwiftPackageReference "SnapKit" */,
				B54ABF382BF22E9D002E89DC /* XCRemoteSwiftPackageReference "Then" */,
				B54ABF3B2BF22EA6002E89DC /* XCRemoteSwiftPackageReference "Alamofire" */,
				B54ABF632BFB608C002E89DC /* XCRemoteSwiftPackageReference "Charts" */,
			);
			productRefGroup = B54ABF132BF22B4F002E89DC /* Products */;
			projectDirPath = "";
			projectRoot = "";
			targets = (
				B54ABF112BF22B4F002E89DC /* TodayWeather */,
			);
		};
/* End PBXProject section */

/* Begin PBXResourcesBuildPhase section */
		B54ABF102BF22B4F002E89DC /* Resources */ = {
			isa = PBXResourcesBuildPhase;
			buildActionMask = 2147483647;
			files = (
				856C9B762BF6006E00D99A2F /* Pretendard-Bold.otf in Resources */,
				856C9B6C2BF5FF8900D99A2F /* BagelFatOne-Regular.ttf in Resources */,
				856C9B742BF6004400D99A2F /* Pretendard-Medium.otf in Resources */,
				856C9B6A2BF5FF0400D99A2F /* Gabarito-Bold.ttf in Resources */,
				856C9B782BF6011300D99A2F /* GlacialIndifference-Regular.otf in Resources */,
				856C9B682BF5FEE300D99A2F /* Gabarito-Regular.ttf in Resources */,
				856C9B702BF5FFBF00D99A2F /* Pretendard-SemiBold.otf in Resources */,
				856C9B662BF5FE8400D99A2F /* Gabarito-SemiBold.ttf in Resources */,
				856C9B6E2BF5FFA800D99A2F /* Pretendard-Regular.otf in Resources */,
				B54ABF222BF22B51002E89DC /* Assets.xcassets in Resources */,
				856C9B722BF5FFF000D99A2F /* Gabarito-Medium.ttf in Resources */,
				B54ABF432BF303C8002E89DC /* TodayWeatherAPI.plist in Resources */,
			);
			runOnlyForDeploymentPostprocessing = 0;
		};
/* End PBXResourcesBuildPhase section */

/* Begin PBXSourcesBuildPhase section */
		B54ABF0E2BF22B4F002E89DC /* Sources */ = {
			isa = PBXSourcesBuildPhase;
			buildActionMask = 2147483647;
			files = (
				B54ABF472BF30645002E89DC /* CurrentResponseModel.swift in Sources */,
				B54ABF342BF22D9A002E89DC /* Network.swift in Sources */,
				B54ABF1A2BF22B4F002E89DC /* ViewController.swift in Sources */,
				B54ABF542BF33768002E89DC /* DotAnimationView.swift in Sources */,
				B54ABF492BF307B8002E89DC /* ForecastResponseModel.swift in Sources */,
				B54ABF692BFB61DA002E89DC /* DetailAqiViewController.swift in Sources */,
				A71003512BFB8F5B00BF6FD4 /* CoreDataManager.swift in Sources */,
				B54ABF492BF307B8002E89DC /* ForecastResponseModel.swift in Sources */,
				A7FDF8A22BFE13ED0010E860 /* TodayWeather.xcdatamodeld in Sources */,
				856C9B892BFC666100D99A2F /* WeatherDataManager.swift in Sources */,
				856C9B632BF5035800D99A2F /* WeatherViewController.swift in Sources */,
				856C9B7E2BF6F4A800D99A2F /* UIViewExtension.swift in Sources */,
				B54ABF4D2BF30CE9002E89DC /* DustResponseModel.swift in Sources */,
				B54ABF162BF22B4F002E89DC /* AppDelegate.swift in Sources */,
				A7FDF88D2BFC852F0010E860 /* TabBarController.swift in Sources */,
				B54ABF452BF304D6002E89DC /* TodayWeatherAPI++Bundle.swift in Sources */,
				B54ABF4B2BF30C3E002E89DC /* DustAPIManager.swift in Sources */,
				A7DD85912BFA313D00823B92 /* CurrentWeather.swift in Sources */,
				A7937AC12BF3836E00E9AD04 /* SearchViewController.swift in Sources */,
				A710034E2BFB35E200BF6FD4 /* SearchView.swift in Sources */,
				B54ABF522BF314B4002E89DC /* LocationManager.swift in Sources */,
				B54ABF562BF33782002E89DC /* DustyViewController.swift in Sources */,
				B54ABF5A2BF5C0FC002E89DC /* CustomTabControl.swift in Sources */,
				B54ABF412BF30223002E89DC /* WeatherAPIManager.swift in Sources */,
				B54ABF602BF75ACD002E89DC /* SegmentControlView.swift in Sources */,
				B54ABF6D2BFC968B002E89DC /* DetailCardCell.swift in Sources */,
				B54ABF182BF22B4F002E89DC /* SceneDelegate.swift in Sources */,
				B54ABF6B2BFC9521002E89DC /* DetailChartCell.swift in Sources */,
				A7894D032BF61AFD003469A5 /* SelectedTableViewCell.swift in Sources */,
				856C9B812BF7500F00D99A2F /* WeatherModel.swift in Sources */,
				856C9B7A2BF6028E00D99A2F /* Fonts.swift in Sources */,
				2B3EB4042BF6250B0077E4FD /* FashionTableViewCell.swift in Sources */,
				B54ABF322BF22D82002E89DC /* Model.swift in Sources */,
				2B3EB4022BF625010077E4FD /* FashionViewController.swift in Sources */,
				856C9B852BFBA20000D99A2F /* FiveDaysWeatherTableViewCell.swift in Sources */,
				B54ABF322BF22D82002E89DC /* Model.swift in Sources */,
				856C9B872BFC2AC900D99A2F /* WeatherTableViewHeaderView.swift in Sources */,
				856C9B832BFB921400D99A2F /* FiveDaysWeatherViewController.swift in Sources */,
				A7894CFF2BF5A98C003469A5 /* SearchTableViewCell.swift in Sources */,
			);
			runOnlyForDeploymentPostprocessing = 0;
		};
/* End PBXSourcesBuildPhase section */

/* Begin XCBuildConfiguration section */
		B54ABF272BF22B51002E89DC /* Debug */ = {
			isa = XCBuildConfiguration;
			buildSettings = {
				ALWAYS_SEARCH_USER_PATHS = NO;
				ASSETCATALOG_COMPILER_GENERATE_SWIFT_ASSET_SYMBOL_EXTENSIONS = YES;
				CLANG_ANALYZER_NONNULL = YES;
				CLANG_ANALYZER_NUMBER_OBJECT_CONVERSION = YES_AGGRESSIVE;
				CLANG_CXX_LANGUAGE_STANDARD = "gnu++20";
				CLANG_ENABLE_MODULES = YES;
				CLANG_ENABLE_OBJC_ARC = YES;
				CLANG_ENABLE_OBJC_WEAK = YES;
				CLANG_WARN_BLOCK_CAPTURE_AUTORELEASING = YES;
				CLANG_WARN_BOOL_CONVERSION = YES;
				CLANG_WARN_COMMA = YES;
				CLANG_WARN_CONSTANT_CONVERSION = YES;
				CLANG_WARN_DEPRECATED_OBJC_IMPLEMENTATIONS = YES;
				CLANG_WARN_DIRECT_OBJC_ISA_USAGE = YES_ERROR;
				CLANG_WARN_DOCUMENTATION_COMMENTS = YES;
				CLANG_WARN_EMPTY_BODY = YES;
				CLANG_WARN_ENUM_CONVERSION = YES;
				CLANG_WARN_INFINITE_RECURSION = YES;
				CLANG_WARN_INT_CONVERSION = YES;
				CLANG_WARN_NON_LITERAL_NULL_CONVERSION = YES;
				CLANG_WARN_OBJC_IMPLICIT_RETAIN_SELF = YES;
				CLANG_WARN_OBJC_LITERAL_CONVERSION = YES;
				CLANG_WARN_OBJC_ROOT_CLASS = YES_ERROR;
				CLANG_WARN_QUOTED_INCLUDE_IN_FRAMEWORK_HEADER = YES;
				CLANG_WARN_RANGE_LOOP_ANALYSIS = YES;
				CLANG_WARN_STRICT_PROTOTYPES = YES;
				CLANG_WARN_SUSPICIOUS_MOVE = YES;
				CLANG_WARN_UNGUARDED_AVAILABILITY = YES_AGGRESSIVE;
				CLANG_WARN_UNREACHABLE_CODE = YES;
				CLANG_WARN__DUPLICATE_METHOD_MATCH = YES;
				COPY_PHASE_STRIP = NO;
				DEBUG_INFORMATION_FORMAT = dwarf;
				ENABLE_STRICT_OBJC_MSGSEND = YES;
				ENABLE_TESTABILITY = YES;
				ENABLE_USER_SCRIPT_SANDBOXING = YES;
				GCC_C_LANGUAGE_STANDARD = gnu17;
				GCC_DYNAMIC_NO_PIC = NO;
				GCC_NO_COMMON_BLOCKS = YES;
				GCC_OPTIMIZATION_LEVEL = 0;
				GCC_PREPROCESSOR_DEFINITIONS = (
					"DEBUG=1",
					"$(inherited)",
				);
				GCC_WARN_64_TO_32_BIT_CONVERSION = YES;
				GCC_WARN_ABOUT_RETURN_TYPE = YES_ERROR;
				GCC_WARN_UNDECLARED_SELECTOR = YES;
				GCC_WARN_UNINITIALIZED_AUTOS = YES_AGGRESSIVE;
				GCC_WARN_UNUSED_FUNCTION = YES;
				GCC_WARN_UNUSED_VARIABLE = YES;
				IPHONEOS_DEPLOYMENT_TARGET = 17.4;
				LOCALIZATION_PREFERS_STRING_CATALOGS = YES;
				MTL_ENABLE_DEBUG_INFO = INCLUDE_SOURCE;
				MTL_FAST_MATH = YES;
				ONLY_ACTIVE_ARCH = YES;
				SDKROOT = iphoneos;
				SWIFT_ACTIVE_COMPILATION_CONDITIONS = "DEBUG $(inherited)";
				SWIFT_OPTIMIZATION_LEVEL = "-Onone";
			};
			name = Debug;
		};
		B54ABF282BF22B51002E89DC /* Release */ = {
			isa = XCBuildConfiguration;
			buildSettings = {
				ALWAYS_SEARCH_USER_PATHS = NO;
				ASSETCATALOG_COMPILER_GENERATE_SWIFT_ASSET_SYMBOL_EXTENSIONS = YES;
				CLANG_ANALYZER_NONNULL = YES;
				CLANG_ANALYZER_NUMBER_OBJECT_CONVERSION = YES_AGGRESSIVE;
				CLANG_CXX_LANGUAGE_STANDARD = "gnu++20";
				CLANG_ENABLE_MODULES = YES;
				CLANG_ENABLE_OBJC_ARC = YES;
				CLANG_ENABLE_OBJC_WEAK = YES;
				CLANG_WARN_BLOCK_CAPTURE_AUTORELEASING = YES;
				CLANG_WARN_BOOL_CONVERSION = YES;
				CLANG_WARN_COMMA = YES;
				CLANG_WARN_CONSTANT_CONVERSION = YES;
				CLANG_WARN_DEPRECATED_OBJC_IMPLEMENTATIONS = YES;
				CLANG_WARN_DIRECT_OBJC_ISA_USAGE = YES_ERROR;
				CLANG_WARN_DOCUMENTATION_COMMENTS = YES;
				CLANG_WARN_EMPTY_BODY = YES;
				CLANG_WARN_ENUM_CONVERSION = YES;
				CLANG_WARN_INFINITE_RECURSION = YES;
				CLANG_WARN_INT_CONVERSION = YES;
				CLANG_WARN_NON_LITERAL_NULL_CONVERSION = YES;
				CLANG_WARN_OBJC_IMPLICIT_RETAIN_SELF = YES;
				CLANG_WARN_OBJC_LITERAL_CONVERSION = YES;
				CLANG_WARN_OBJC_ROOT_CLASS = YES_ERROR;
				CLANG_WARN_QUOTED_INCLUDE_IN_FRAMEWORK_HEADER = YES;
				CLANG_WARN_RANGE_LOOP_ANALYSIS = YES;
				CLANG_WARN_STRICT_PROTOTYPES = YES;
				CLANG_WARN_SUSPICIOUS_MOVE = YES;
				CLANG_WARN_UNGUARDED_AVAILABILITY = YES_AGGRESSIVE;
				CLANG_WARN_UNREACHABLE_CODE = YES;
				CLANG_WARN__DUPLICATE_METHOD_MATCH = YES;
				COPY_PHASE_STRIP = NO;
				DEBUG_INFORMATION_FORMAT = "dwarf-with-dsym";
				ENABLE_NS_ASSERTIONS = NO;
				ENABLE_STRICT_OBJC_MSGSEND = YES;
				ENABLE_USER_SCRIPT_SANDBOXING = YES;
				GCC_C_LANGUAGE_STANDARD = gnu17;
				GCC_NO_COMMON_BLOCKS = YES;
				GCC_WARN_64_TO_32_BIT_CONVERSION = YES;
				GCC_WARN_ABOUT_RETURN_TYPE = YES_ERROR;
				GCC_WARN_UNDECLARED_SELECTOR = YES;
				GCC_WARN_UNINITIALIZED_AUTOS = YES_AGGRESSIVE;
				GCC_WARN_UNUSED_FUNCTION = YES;
				GCC_WARN_UNUSED_VARIABLE = YES;
				IPHONEOS_DEPLOYMENT_TARGET = 17.4;
				LOCALIZATION_PREFERS_STRING_CATALOGS = YES;
				MTL_ENABLE_DEBUG_INFO = NO;
				MTL_FAST_MATH = YES;
				SDKROOT = iphoneos;
				SWIFT_COMPILATION_MODE = wholemodule;
				VALIDATE_PRODUCT = YES;
			};
			name = Release;
		};
		B54ABF2A2BF22B51002E89DC /* Debug */ = {
			isa = XCBuildConfiguration;
			buildSettings = {
				ASSETCATALOG_COMPILER_APPICON_NAME = AppIcon;
				ASSETCATALOG_COMPILER_GLOBAL_ACCENT_COLOR_NAME = AccentColor;
				CODE_SIGN_STYLE = Automatic;
				CURRENT_PROJECT_VERSION = 1;
				DEVELOPMENT_TEAM = CS9SP68DH3;
				GENERATE_INFOPLIST_FILE = YES;
				INFOPLIST_FILE = TodayWeather/Resource/Info.plist;
				INFOPLIST_KEY_UIApplicationSupportsIndirectInputEvents = YES;
				INFOPLIST_KEY_UILaunchStoryboardName = LaunchScreen;
				INFOPLIST_KEY_UIMainStoryboardFile = "";
				INFOPLIST_KEY_UISupportedInterfaceOrientations_iPad = "UIInterfaceOrientationPortrait UIInterfaceOrientationPortraitUpsideDown UIInterfaceOrientationLandscapeLeft UIInterfaceOrientationLandscapeRight";
				INFOPLIST_KEY_UISupportedInterfaceOrientations_iPhone = "UIInterfaceOrientationPortrait UIInterfaceOrientationLandscapeLeft UIInterfaceOrientationLandscapeRight";
				IPHONEOS_DEPLOYMENT_TARGET = 15.0;
				LD_RUNPATH_SEARCH_PATHS = (
					"$(inherited)",
					"@executable_path/Frameworks",
				);
				MARKETING_VERSION = 1.0;
				PRODUCT_BUNDLE_IDENTIFIER = com.nbcampArchive.TodayWeather;
				PRODUCT_NAME = "$(TARGET_NAME)";
				SWIFT_EMIT_LOC_STRINGS = YES;
				SWIFT_VERSION = 5.0;
				TARGETED_DEVICE_FAMILY = "1,2";
			};
			name = Debug;
		};
		B54ABF2B2BF22B51002E89DC /* Release */ = {
			isa = XCBuildConfiguration;
			buildSettings = {
				ASSETCATALOG_COMPILER_APPICON_NAME = AppIcon;
				ASSETCATALOG_COMPILER_GLOBAL_ACCENT_COLOR_NAME = AccentColor;
				CODE_SIGN_STYLE = Automatic;
				CURRENT_PROJECT_VERSION = 1;
				DEVELOPMENT_TEAM = CS9SP68DH3;
				GENERATE_INFOPLIST_FILE = YES;
				INFOPLIST_FILE = TodayWeather/Resource/Info.plist;
				INFOPLIST_KEY_UIApplicationSupportsIndirectInputEvents = YES;
				INFOPLIST_KEY_UILaunchStoryboardName = LaunchScreen;
				INFOPLIST_KEY_UIMainStoryboardFile = "";
				INFOPLIST_KEY_UISupportedInterfaceOrientations_iPad = "UIInterfaceOrientationPortrait UIInterfaceOrientationPortraitUpsideDown UIInterfaceOrientationLandscapeLeft UIInterfaceOrientationLandscapeRight";
				INFOPLIST_KEY_UISupportedInterfaceOrientations_iPhone = "UIInterfaceOrientationPortrait UIInterfaceOrientationLandscapeLeft UIInterfaceOrientationLandscapeRight";
				IPHONEOS_DEPLOYMENT_TARGET = 15.0;
				LD_RUNPATH_SEARCH_PATHS = (
					"$(inherited)",
					"@executable_path/Frameworks",
				);
				MARKETING_VERSION = 1.0;
				PRODUCT_BUNDLE_IDENTIFIER = com.nbcampArchive.TodayWeather;
				PRODUCT_NAME = "$(TARGET_NAME)";
				SWIFT_EMIT_LOC_STRINGS = YES;
				SWIFT_VERSION = 5.0;
				TARGETED_DEVICE_FAMILY = "1,2";
			};
			name = Release;
		};
/* End XCBuildConfiguration section */

/* Begin XCConfigurationList section */
		B54ABF0D2BF22B4F002E89DC /* Build configuration list for PBXProject "TodayWeather" */ = {
			isa = XCConfigurationList;
			buildConfigurations = (
				B54ABF272BF22B51002E89DC /* Debug */,
				B54ABF282BF22B51002E89DC /* Release */,
			);
			defaultConfigurationIsVisible = 0;
			defaultConfigurationName = Release;
		};
		B54ABF292BF22B51002E89DC /* Build configuration list for PBXNativeTarget "TodayWeather" */ = {
			isa = XCConfigurationList;
			buildConfigurations = (
				B54ABF2A2BF22B51002E89DC /* Debug */,
				B54ABF2B2BF22B51002E89DC /* Release */,
			);
			defaultConfigurationIsVisible = 0;
			defaultConfigurationName = Release;
		};
/* End XCConfigurationList section */

/* Begin XCRemoteSwiftPackageReference section */
		B54ABF352BF22E95002E89DC /* XCRemoteSwiftPackageReference "SnapKit" */ = {
			isa = XCRemoteSwiftPackageReference;
			repositoryURL = "https://github.com/SnapKit/SnapKit";
			requirement = {
				kind = upToNextMajorVersion;
				minimumVersion = 5.7.1;
			};
		};
		B54ABF382BF22E9D002E89DC /* XCRemoteSwiftPackageReference "Then" */ = {
			isa = XCRemoteSwiftPackageReference;
			repositoryURL = "https://github.com/devxoul/Then";
			requirement = {
				kind = upToNextMajorVersion;
				minimumVersion = 3.0.0;
			};
		};
		B54ABF3B2BF22EA6002E89DC /* XCRemoteSwiftPackageReference "Alamofire" */ = {
			isa = XCRemoteSwiftPackageReference;
			repositoryURL = "https://github.com/Alamofire/Alamofire";
			requirement = {
				kind = upToNextMajorVersion;
				minimumVersion = 5.9.1;
			};
		};
		B54ABF632BFB608C002E89DC /* XCRemoteSwiftPackageReference "Charts" */ = {
			isa = XCRemoteSwiftPackageReference;
			repositoryURL = "https://github.com/ChartsOrg/Charts";
			requirement = {
				kind = upToNextMajorVersion;
				minimumVersion = 5.1.0;
			};
		};
/* End XCRemoteSwiftPackageReference section */

/* Begin XCSwiftPackageProductDependency section */
		A7FDF8A92BFE40840010E860 /* DGChartsDynamic */ = {
			isa = XCSwiftPackageProductDependency;
			package = B54ABF632BFB608C002E89DC /* XCRemoteSwiftPackageReference "Charts" */;
			productName = DGChartsDynamic;
		};
		B54ABF362BF22E95002E89DC /* SnapKit */ = {
			isa = XCSwiftPackageProductDependency;
			package = B54ABF352BF22E95002E89DC /* XCRemoteSwiftPackageReference "SnapKit" */;
			productName = SnapKit;
		};
		B54ABF392BF22E9D002E89DC /* Then */ = {
			isa = XCSwiftPackageProductDependency;
			package = B54ABF382BF22E9D002E89DC /* XCRemoteSwiftPackageReference "Then" */;
			productName = Then;
		};
		B54ABF3C2BF22EA6002E89DC /* Alamofire */ = {
			isa = XCSwiftPackageProductDependency;
			package = B54ABF3B2BF22EA6002E89DC /* XCRemoteSwiftPackageReference "Alamofire" */;
			productName = Alamofire;
		};
		B54ABF3E2BF22EA6002E89DC /* AlamofireDynamic */ = {
			isa = XCSwiftPackageProductDependency;
			package = B54ABF3B2BF22EA6002E89DC /* XCRemoteSwiftPackageReference "Alamofire" */;
			productName = AlamofireDynamic;
		};
		B54ABF642BFB608C002E89DC /* DGCharts */ = {
			isa = XCSwiftPackageProductDependency;
			package = B54ABF632BFB608C002E89DC /* XCRemoteSwiftPackageReference "Charts" */;
			productName = DGCharts;
		};
/* End XCSwiftPackageProductDependency section */

/* Begin XCVersionGroup section */
		A7FDF8A02BFE13ED0010E860 /* TodayWeather.xcdatamodeld */ = {
			isa = XCVersionGroup;
			children = (
				A7FDF8A12BFE13ED0010E860 /* TodayWeather.xcdatamodel */,
			);
			currentVersion = A7FDF8A12BFE13ED0010E860 /* TodayWeather.xcdatamodel */;
			name = TodayWeather.xcdatamodeld;
			path = "/Users/songjeonghun/Documents/github/Today-s_weather/TodayWeather/TodayWeather/TodayWeather.xcdatamodeld";
			sourceTree = "<group>";
			versionGroupType = wrapper.xcdatamodel;
		};
/* End XCVersionGroup section */
	};
	rootObject = B54ABF0A2BF22B4F002E89DC /* Project object */;
}
